
Microsoft Visual Studio Solution File, Format Version 11.00
# Visual Studio 2010
Project("{FAE04EC0-301F-11D3-BF4B-00C04F79EFBC}") = "Unity.Timeline", "Unity.Timeline.csproj", "{32ea2eb4-1c7e-fdaf-f538-57c79a225bfc}"
EndProject
Project("{FAE04EC0-301F-11D3-BF4B-00C04F79EFBC}") = "Unity.RenderPipelines.GPUDriven.Runtime", "Unity.RenderPipelines.GPUDriven.Runtime.csproj", "{c55ea8a4-f2a1-4501-0c5a-336a74809ca7}"
EndProject
Project("{FAE04EC0-301F-11D3-BF4B-00C04F79EFBC}") = "Unity.PlasticSCM.Editor", "Unity.PlasticSCM.Editor.csproj", "{ad0e5247-21be-f118-0b04-f99becfdc8b1}"
EndProject
Project("{FAE04EC0-301F-11D3-BF4B-00C04F79EFBC}") = "Unity.ShaderGraph.Editor", "Unity.ShaderGraph.Editor.csproj", "{c4c0a482-8603-7a3f-5953-6bda54aaa5c1}"
EndProject
Project("{FAE04EC0-301F-11D3-BF4B-00C04F79EFBC}") = "Unity.RenderPipelines.Core.Runtime", "Unity.RenderPipelines.Core.Runtime.csproj", "{522c4e34-5075-b3ae-8489-5a94f8ab8a82}"
EndProject
Project("{FAE04EC0-301F-11D3-BF4B-00C04F79EFBC}") = "Unity.Mathematics", "Unity.Mathematics.csproj", "{919dec68-d035-9709-d58a-4d534c9a5c7b}"
EndProject
Project("{FAE04EC0-301F-11D3-BF4B-00C04F79EFBC}") = "Unity.Timeline.Editor", "Unity.Timeline.Editor.csproj", "{c465cd07-ca76-6a4d-b949-07c2ca72d9e5}"
EndProject
Project("{FAE04EC0-301F-11D3-BF4B-00C04F79EFBC}") = "Unity.Multiplayer.Center.Editor", "Unity.Multiplayer.Center.Editor.csproj", "{c1bb69b3-2fcc-362a-49e0-78787a72aafe}"
EndProject
Project("{FAE04EC0-301F-11D3-BF4B-00C04F79EFBC}") = "Unity.RenderPipelines.Core.Editor", "Unity.RenderPipelines.Core.Editor.csproj", "{2d22c069-c88a-db41-b0b0-a095e926aa75}"
EndProject
Project("{FAE04EC0-301F-11D3-BF4B-00C04F79EFBC}") = "Unity.Collections", "Unity.Collections.csproj", "{817645b8-e6cc-117e-26f5-f93f3dd4a4c9}"
EndProject
Project("{FAE04EC0-301F-11D3-BF4B-00C04F79EFBC}") = "UnityEngine.UI", "UnityEngine.UI.csproj", "{e8ad9fab-0776-7705-d9fd-11cd95e69fa5}"
EndProject
Project("{FAE04EC0-301F-11D3-BF4B-00C04F79EFBC}") = "Unity.RenderPipelines.Universal.2D.Runtime", "Unity.RenderPipelines.Universal.2D.Runtime.csproj", "{3400f826-9490-df19-0c4c-ff2fb8ed6f60}"
EndProject
Project("{FAE04EC0-301F-11D3-BF4B-00C04F79EFBC}") = "Unity.VisualScripting.Core.Editor", "Unity.VisualScripting.Core.Editor.csproj", "{f49530fe-ce6f-7a0f-b596-fd45b3290b58}"
EndProject
Project("{FAE04EC0-301F-11D3-BF4B-00C04F79EFBC}") = "Unity.RenderPipelines.Universal.Editor", "Unity.RenderPipelines.Universal.Editor.csproj", "{923bb2d8-dd41-f8be-1687-78d5aadff44b}"
EndProject
Project("{FAE04EC0-301F-11D3-BF4B-00C04F79EFBC}") = "Unity.PerformanceTesting.Editor", "Unity.PerformanceTesting.Editor.csproj", "{00caba4e-9ab1-cf72-1ff7-e0a5c060f9ef}"
EndProject
Project("{FAE04EC0-301F-11D3-BF4B-00C04F79EFBC}") = "glTFast.Editor", "glTFast.Editor.csproj", "{4c18fee9-c95e-ab34-ced4-bf6afdb1ba5c}"
EndProject
Project("{FAE04EC0-301F-11D3-BF4B-00C04F79EFBC}") = "UnityEngine.TestRunner", "UnityEngine.TestRunner.csproj", "{2409f3c2-4149-39dc-fa05-4767163924a8}"
EndProject
Project("{FAE04EC0-301F-11D3-BF4B-00C04F79EFBC}") = "Unity.Burst", "Unity.Burst.csproj", "{921fa0a5-5c17-6f28-7cb5-8f95ce3033c3}"
EndProject
Project("{FAE04EC0-301F-11D3-BF4B-00C04F79EFBC}") = "Assembly-CSharp", "Assembly-CSharp.csproj", "{d4d97463-8990-0ae4-1b15-68b0cc408578}"
EndProject
Project("{FAE04EC0-301F-11D3-BF4B-00C04F79EFBC}") = "glTFast", "glTFast.csproj", "{2d4071cb-2da4-827d-de86-1ca216bd51a7}"
EndProject
Project("{FAE04EC0-301F-11D3-BF4B-00C04F79EFBC}") = "Unity.VisualScripting.Flow.Editor", "Unity.VisualScripting.Flow.Editor.csproj", "{f30f054d-8fab-6d5d-f30f-abb07df827f5}"
EndProject
Project("{FAE04EC0-301F-11D3-BF4B-00C04F79EFBC}") = "Unity.VisualStudio.Editor", "Unity.VisualStudio.Editor.csproj", "{00f145af-54a7-4242-a81c-fee2ad893405}"
EndProject
Project("{FAE04EC0-301F-11D3-BF4B-00C04F79EFBC}") = "Unity.InputSystem", "Unity.InputSystem.csproj", "{6dfca172-53e1-4586-151a-c62102d87586}"
EndProject
Project("{FAE04EC0-301F-11D3-BF4B-00C04F79EFBC}") = "PPv2URPConverters", "PPv2URPConverters.csproj", "{b670bec7-e2d8-e317-6585-efc0130c719e}"
EndProject
Project("{FAE04EC0-301F-11D3-BF4B-00C04F79EFBC}") = "Unity.Searcher.Editor", "Unity.Searcher.Editor.csproj", "{52c565a6-a898-4934-c026-70f1ae2c2a2f}"
EndProject
Project("{FAE04EC0-301F-11D3-BF4B-00C04F79EFBC}") = "UnityEditor.TestRunner", "UnityEditor.TestRunner.csproj", "{2625e0bb-52e5-31bf-a698-7e6ef5b69e7a}"
EndProject
Project("{FAE04EC0-301F-11D3-BF4B-00C04F79EFBC}") = "Unity.VisualScripting.Core", "Unity.VisualScripting.Core.csproj", "{abfebc43-208a-b520-8e0a-03d62a670983}"
EndProject
Project("{FAE04EC0-301F-11D3-BF4B-00C04F79EFBC}") = "Unity.RenderPipelines.Universal.Runtime", "Unity.RenderPipelines.Universal.Runtime.csproj", "{0a428a5d-a65d-6287-69a7-41379dbc1780}"
EndProject
Project("{FAE04EC0-301F-11D3-BF4B-00C04F79EFBC}") = "Unity.CollabProxy.Editor", "Unity.CollabProxy.Editor.csproj", "{0232cc65-7e5c-d1ae-00f8-75fc6e15d8a8}"
EndProject
Project("{FAE04EC0-301F-11D3-BF4B-00C04F79EFBC}") = "Unity.AI.Navigation.Editor.ConversionSystem", "Unity.AI.Navigation.Editor.ConversionSystem.csproj", "{aff262d7-cd64-450f-c118-54275b98cab8}"
EndProject
Project("{FAE04EC0-301F-11D3-BF4B-00C04F79EFBC}") = "Unity.VisualScripting.State.Editor", "Unity.VisualScripting.State.Editor.csproj", "{b82d02ca-8c67-698b-0295-649c0f110107}"
EndProject
Project("{FAE04EC0-301F-11D3-BF4B-00C04F79EFBC}") = "Unity.Burst.CodeGen", "Unity.Burst.CodeGen.csproj", "{3a695db1-255f-0a7b-6bf8-b446e941fdfa}"
EndProject
Project("{FAE04EC0-301F-11D3-BF4B-00C04F79EFBC}") = "Unity.Postprocessing.Editor", "Unity.Postprocessing.Editor.csproj", "{e3e1bf4a-1414-fbe7-c1a4-aaf061e6a615}"
EndProject
Project("{FAE04EC0-301F-11D3-BF4B-00C04F79EFBC}") = "Unity.VisualScripting.Flow", "Unity.VisualScripting.Flow.csproj", "{cfaf4a1f-5666-0013-3308-04529cc3014b}"
EndProject
Project("{FAE04EC0-301F-11D3-BF4B-00C04F79EFBC}") = "Unity.PerformanceTesting", "Unity.PerformanceTesting.csproj", "{aa07d587-5dbb-6321-8c64-1d0aa945af82}"
EndProject
Project("{FAE04EC0-301F-11D3-BF4B-00C04F79EFBC}") = "Unity.TextMeshPro", "Unity.TextMeshPro.csproj", "{d9d448d8-9546-cbe7-8b7a-b658f01893a5}"
EndProject
Project("{FAE04EC0-301F-11D3-BF4B-00C04F79EFBC}") = "glTFast.Export", "glTFast.Export.csproj", "{f20f76a2-34cc-f21a-37b2-7685aa719dba}"
EndProject
Project("{FAE04EC0-301F-11D3-BF4B-00C04F79EFBC}") = "Unity.TextMeshPro.Editor", "Unity.TextMeshPro.Editor.csproj", "{cc650f9f-4b15-e755-bf79-9bdb19481206}"
EndProject
Project("{FAE04EC0-301F-11D3-BF4B-00C04F79EFBC}") = "Unity.Rendering.LightTransport.Runtime", "Unity.Rendering.LightTransport.Runtime.csproj", "{575b7857-f3ca-4779-3f40-d4a9757bafda}"
EndProject
Project("{FAE04EC0-301F-11D3-BF4B-00C04F79EFBC}") = "Unity.Burst.Editor", "Unity.Burst.Editor.csproj", "{ad78af4d-51a7-c563-685f-e8af7cad847f}"
EndProject
Project("{FAE04EC0-301F-11D3-BF4B-00C04F79EFBC}") = "Unity.Rider.Editor", "Unity.Rider.Editor.csproj", "{12a6d09d-0d5e-be68-923c-b7aafb0adec9}"
EndProject
Project("{FAE04EC0-301F-11D3-BF4B-00C04F79EFBC}") = "Unity.VisualScripting.State", "Unity.VisualScripting.State.csproj", "{1a22c9ca-841f-011a-720a-1d8516bad3e2}"
EndProject
Project("{FAE04EC0-301F-11D3-BF4B-00C04F79EFBC}") = "Unity.AI.Navigation.Updater", "Unity.AI.Navigation.Updater.csproj", "{1bd1ea6f-60b8-3e2f-7451-50379968258c}"
EndProject
Project("{FAE04EC0-301F-11D3-BF4B-00C04F79EFBC}") = "UnityEditor.UI", "UnityEditor.UI.csproj", "{836d0c51-b563-3126-9590-1b43c158ec99}"
EndProject
Project("{FAE04EC0-301F-11D3-BF4B-00C04F79EFBC}") = "glTFast.Newtonsoft", "glTFast.Newtonsoft.csproj", "{91259b52-429f-6619-2c67-13c4daade0e0}"
EndProject
Project("{FAE04EC0-301F-11D3-BF4B-00C04F79EFBC}") = "Unity.Postprocessing.Runtime", "Unity.Postprocessing.Runtime.csproj", "{de415936-8c76-438d-e97d-d18c6b8062fa}"
EndProject
Project("{FAE04EC0-301F-11D3-BF4B-00C04F79EFBC}") = "Unity.2D.Sprite.Editor", "Unity.2D.Sprite.Editor.csproj", "{de22a821-16e5-9d74-a688-69ea64bd0db2}"
EndProject
Project("{FAE04EC0-301F-11D3-BF4B-00C04F79EFBC}") = "Unity.AI.Navigation.Editor", "Unity.AI.Navigation.Editor.csproj", "{c94a9ace-b6d3-b4df-64a0-17d4a93b7fc2}"
EndProject
Project("{FAE04EC0-301F-11D3-BF4B-00C04F79EFBC}") = "Unity.Multiplayer.Center.Common", "Unity.Multiplayer.Center.Common.csproj", "{8d89f723-3378-d75a-8da2-ea7470b09fe2}"
EndProject
Project("{FAE04EC0-301F-11D3-BF4B-00C04F79EFBC}") = "Unity.InputSystem.ForUI", "Unity.InputSystem.ForUI.csproj", "{971c8179-c953-a74f-3343-17e546f76110}"
EndProject
Project("{FAE04EC0-301F-11D3-BF4B-00C04F79EFBC}") = "Unity.AI.Navigation", "Unity.AI.Navigation.csproj", "{266889d9-db4c-4443-41e6-9f3cdb51b9c0}"
EndProject
Project("{FAE04EC0-301F-11D3-BF4B-00C04F79EFBC}") = "Unity.Collections.CodeGen", "Unity.Collections.CodeGen.csproj", "{429fde62-7977-73c2-cd97-b91d3d149e2c}"
EndProject
Project("{FAE04EC0-301F-11D3-BF4B-00C04F79EFBC}") = "Unity.Mathematics.Editor", "Unity.Mathematics.Editor.csproj", "{c31d4366-9ec8-c2ee-8e6e-822d88abf196}"
EndProject
Project("{FAE04EC0-301F-11D3-BF4B-00C04F79EFBC}") = "Unity.VisualScripting.SettingsProvider.Editor", "Unity.VisualScripting.SettingsProvider.Editor.csproj", "{bc8e7e91-17f7-cf8a-c455-85d2ce93f125}"
EndProject
Project("{FAE04EC0-301F-11D3-BF4B-00C04F79EFBC}") = "Assembly-CSharp-Editor", "Assembly-CSharp-Editor.csproj", "{b9601dfe-c152-38f6-b322-0d3e6b9005ba}"
EndProject
Project("{FAE04EC0-301F-11D3-BF4B-00C04F79EFBC}") = "Unity.VSCode.Editor", "Unity.VSCode.Editor.csproj", "{aecb0fcd-1f84-3b96-6746-c38a419fb15d}"
EndProject
Project("{FAE04EC0-301F-11D3-BF4B-00C04F79EFBC}") = "Unity.InputSystem.TestFramework", "Unity.InputSystem.TestFramework.csproj", "{83e661c3-e789-a7d1-ac6b-c693bbe6a01f}"
EndProject
Project("{FAE04EC0-301F-11D3-BF4B-00C04F79EFBC}") = "Unity.ShaderGraph.Utilities", "Unity.ShaderGraph.Utilities.csproj", "{db7b3749-bc48-4b51-9a43-c0a870a79d98}"
EndProject
Project("{FAE04EC0-301F-11D3-BF4B-00C04F79EFBC}") = "Unity.VisualScripting.Shared.Editor", "Unity.VisualScripting.Shared.Editor.csproj", "{039411a8-b7b8-d8ec-eaa4-cfac7891aacf}"
EndProject
Project("{FAE04EC0-301F-11D3-BF4B-00C04F79EFBC}") = "Unity.RenderPipeline.Universal.ShaderLibrary", "Unity.RenderPipeline.Universal.ShaderLibrary.csproj", "{e1213099-bf36-320c-5514-3130363b4866}"
EndProject
Project("{FAE04EC0-301F-11D3-BF4B-00C04F79EFBC}") = "Unity.Rendering.LightTransport.Editor", "Unity.Rendering.LightTransport.Editor.csproj", "{73806d37-5eb0-a02b-afaf-b0e5957119ea}"
EndProject
Project("{FAE04EC0-301F-11D3-BF4B-00C04F79EFBC}") = "Unity.InputSystem.DocCodeSamples", "Unity.InputSystem.DocCodeSamples.csproj", "{5aff8e30-11c7-01b6-488c-83c14ee66285}"
EndProject
Project("{FAE04EC0-301F-11D3-BF4B-00C04F79EFBC}") = "Unity.RenderPipelines.Universal.Shaders", "Unity.RenderPipelines.Universal.Shaders.csproj", "{47be024b-f0d3-2175-b766-88a8a1233f7e}"
EndProject
Project("{FAE04EC0-301F-11D3-BF4B-00C04F79EFBC}") = "Unity.RenderPipelines.Core.Runtime.Shared", "Unity.RenderPipelines.Core.Runtime.Shared.csproj", "{db12cb48-c06f-0629-cb15-38ca1191e564}"
EndProject
Project("{FAE04EC0-301F-11D3-BF4B-00C04F79EFBC}") = "Unity.2D.Sprite.AIIntegration.Editor", "Unity.2D.Sprite.AIIntegration.Editor.csproj", "{e7737e5c-7862-7370-d7d3-57b243649067}"
EndProject
Project("{FAE04EC0-301F-11D3-BF4B-00C04F79EFBC}") = "glTFast.dots", "glTFast.dots.csproj", "{ab8abc3f-c3d2-a9e0-5759-bf08e90475dd}"
EndProject
Project("{FAE04EC0-301F-11D3-BF4B-00C04F79EFBC}") = "Unity.PlasticSCM.Editor.Entities", "Unity.PlasticSCM.Editor.Entities.csproj", "{5134a40f-26a0-495e-0d29-6abfea6fa2d1}"
EndProject
Project("{FAE04EC0-301F-11D3-BF4B-00C04F79EFBC}") = "Unity.Collections.Editor", "Unity.Collections.Editor.csproj", "{c01ea92a-5b1a-5885-afd0-43dbc687f695}"
EndProject
Project("{FAE04EC0-301F-11D3-BF4B-00C04F79EFBC}") = "Unity.RenderPipelines.Universal.Config.Runtime", "Unity.RenderPipelines.Universal.Config.Runtime.csproj", "{13e593b1-db58-486a-4f6a-77e5f643387e}"
EndProject
Project("{FAE04EC0-301F-11D3-BF4B-00C04F79EFBC}") = "Unity.RenderPipelines.ShaderGraph.ShaderGraphLibrary", "Unity.RenderPipelines.ShaderGraph.ShaderGraphLibrary.csproj", "{29977014-7299-f7b3-2790-2f0749010422}"
EndProject
Project("{FAE04EC0-301F-11D3-BF4B-00C04F79EFBC}") = "Unity.RenderPipelines.Core.ShaderLibrary", "Unity.RenderPipelines.Core.ShaderLibrary.csproj", "{06c5e490-b4fd-164c-0e66-fe9b5d53f71b}"
EndProject
Project("{FAE04EC0-301F-11D3-BF4B-00C04F79EFBC}") = "Unity.RenderPipelines.Core.Editor.Shared", "Unity.RenderPipelines.Core.Editor.Shared.csproj", "{763661c9-a2b4-32e5-b6f8-5b0f9f1fde7d}"
EndProject
Project("{FAE04EC0-301F-11D3-BF4B-00C04F79EFBC}") = "Unity.Timeline", "Unity.Timeline.Player.csproj", "{a78be446-ae93-b142-545b-664d890a0d30}"
EndProject
Project("{FAE04EC0-301F-11D3-BF4B-00C04F79EFBC}") = "Unity.RenderPipelines.GPUDriven.Runtime", "Unity.RenderPipelines.GPUDriven.Runtime.Player.csproj", "{e32c92fa-bdfe-d05e-4e32-294b3bdd3e8e}"
EndProject
Project("{FAE04EC0-301F-11D3-BF4B-00C04F79EFBC}") = "Unity.RenderPipelines.Core.Runtime", "Unity.RenderPipelines.Core.Runtime.Player.csproj", "{6e808da6-62b7-29a0-97af-b2f7cbcd1644}"
EndProject
Project("{FAE04EC0-301F-11D3-BF4B-00C04F79EFBC}") = "Unity.Mathematics", "Unity.Mathematics.Player.csproj", "{842a8bdc-6543-c556-4f49-682b0f4e6574}"
EndProject
Project("{FAE04EC0-301F-11D3-BF4B-00C04F79EFBC}") = "Unity.Collections", "Unity.Collections.Player.csproj", "{5e98b8f3-559f-c405-37c1-58d7cc3401fc}"
EndProject
Project("{FAE04EC0-301F-11D3-BF4B-00C04F79EFBC}") = "UnityEngine.UI", "UnityEngine.UI.Player.csproj", "{ba7261f5-19cd-c6a6-a7f1-d26b73ce22a8}"
EndProject
Project("{FAE04EC0-301F-11D3-BF4B-00C04F79EFBC}") = "Unity.RenderPipelines.Universal.2D.Runtime", "Unity.RenderPipelines.Universal.2D.Runtime.Player.csproj", "{995b0e64-2ac4-91af-6059-1e1f92b7dad8}"
EndProject
Project("{FAE04EC0-301F-11D3-BF4B-00C04F79EFBC}") = "UnityEngine.TestRunner", "UnityEngine.TestRunner.Player.csproj", "{8c1cfb7e-9a13-7592-a3f3-e1c0dfb4b8cf}"
EndProject
Project("{FAE04EC0-301F-11D3-BF4B-00C04F79EFBC}") = "Unity.Burst", "Unity.Burst.Player.csproj", "{a9655aba-57b0-4462-5d37-9ee30666ae63}"
EndProject
Project("{FAE04EC0-301F-11D3-BF4B-00C04F79EFBC}") = "Assembly-CSharp", "Assembly-CSharp.Player.csproj", "{02a2542c-181d-c0a2-2e99-946c16a04bc0}"
EndProject
Project("{FAE04EC0-301F-11D3-BF4B-00C04F79EFBC}") = "glTFast", "glTFast.Player.csproj", "{ea8ebb5f-06b0-ea4c-424e-b14e9a61c798}"
EndProject
Project("{FAE04EC0-301F-11D3-BF4B-00C04F79EFBC}") = "Unity.InputSystem", "Unity.InputSystem.Player.csproj", "{fc110e70-1cdf-81ac-cdea-7a5715f441dd}"
EndProject
Project("{FAE04EC0-301F-11D3-BF4B-00C04F79EFBC}") = "Unity.VisualScripting.Core", "Unity.VisualScripting.Core.Player.csproj", "{826c4733-e25e-cf48-c1c1-24ff61395dfa}"
EndProject
Project("{FAE04EC0-301F-11D3-BF4B-00C04F79EFBC}") = "Unity.RenderPipelines.Universal.Runtime", "Unity.RenderPipelines.Universal.Runtime.Player.csproj", "{52783966-4ef5-50a7-8229-b88a61e4d430}"
EndProject
Project("{FAE04EC0-301F-11D3-BF4B-00C04F79EFBC}") = "Unity.VisualScripting.Flow", "Unity.VisualScripting.Flow.Player.csproj", "{2c23605d-8ea5-ad46-0d2a-41a6b6f869c3}"
EndProject
Project("{FAE04EC0-301F-11D3-BF4B-00C04F79EFBC}") = "Unity.PerformanceTesting", "Unity.PerformanceTesting.Player.csproj", "{e917b4ea-05d8-a7ae-c0c0-769e0954d824}"
EndProject
Project("{FAE04EC0-301F-11D3-BF4B-00C04F79EFBC}") = "Unity.TextMeshPro", "Unity.TextMeshPro.Player.csproj", "{68ebdea3-8fa6-3031-b5ea-a80e2a37c0fa}"
EndProject
Project("{FAE04EC0-301F-11D3-BF4B-00C04F79EFBC}") = "glTFast.Export", "glTFast.Export.Player.csproj", "{f573ce66-a103-9203-5ebb-6553ddfcd936}"
EndProject
Project("{FAE04EC0-301F-11D3-BF4B-00C04F79EFBC}") = "Unity.Rendering.LightTransport.Runtime", "Unity.Rendering.LightTransport.Runtime.Player.csproj", "{3bd1d3ce-3a2d-f904-db77-d56f46e93979}"
EndProject
Project("{FAE04EC0-301F-11D3-BF4B-00C04F79EFBC}") = "Unity.VisualScripting.State", "Unity.VisualScripting.State.Player.csproj", "{1a95a98c-d005-6bbb-4862-e865f71f87f9}"
EndProject
Project("{FAE04EC0-301F-11D3-BF4B-00C04F79EFBC}") = "glTFast.Newtonsoft", "glTFast.Newtonsoft.Player.csproj", "{bcef433d-425f-9a96-42d8-d971b386a6f4}"
EndProject
Project("{FAE04EC0-301F-11D3-BF4B-00C04F79EFBC}") = "Unity.Postprocessing.Runtime", "Unity.Postprocessing.Runtime.Player.csproj", "{abca0a99-c241-32da-0020-e61c0d7b885d}"
EndProject
Project("{FAE04EC0-301F-11D3-BF4B-00C04F79EFBC}") = "Unity.Multiplayer.Center.Common", "Unity.Multiplayer.Center.Common.Player.csproj", "{387accb5-eaef-7bc4-d701-283cf65b641e}"
EndProject
Project("{FAE04EC0-301F-11D3-BF4B-00C04F79EFBC}") = "Unity.InputSystem.ForUI", "Unity.InputSystem.ForUI.Player.csproj", "{ddac7782-8b2f-b95c-1c17-4c71af4b7591}"
EndProject
Project("{FAE04EC0-301F-11D3-BF4B-00C04F79EFBC}") = "Unity.AI.Navigation", "Unity.AI.Navigation.Player.csproj", "{b35cf4ab-e3c0-e985-585e-3815b59145df}"
EndProject
Project("{FAE04EC0-301F-11D3-BF4B-00C04F79EFBC}") = "Unity.InputSystem.TestFramework", "Unity.InputSystem.TestFramework.Player.csproj", "{282e88e5-a1c5-81ed-bb7a-8927a01ac05d}"
EndProject
Project("{FAE04EC0-301F-11D3-BF4B-00C04F79EFBC}") = "Unity.RenderPipeline.Universal.ShaderLibrary", "Unity.RenderPipeline.Universal.ShaderLibrary.Player.csproj", "{8c82d4f2-38e9-7103-322a-9d2ad3724d5d}"
EndProject
Project("{FAE04EC0-301F-11D3-BF4B-00C04F79EFBC}") = "Unity.RenderPipelines.Universal.Shaders", "Unity.RenderPipelines.Universal.Shaders.Player.csproj", "{e34deaeb-7009-f3c2-89e3-98910a0d877e}"
EndProject
Project("{FAE04EC0-301F-11D3-BF4B-00C04F79EFBC}") = "Unity.RenderPipelines.Core.Runtime.Shared", "Unity.RenderPipelines.Core.Runtime.Shared.Player.csproj", "{ad688053-548d-d8e7-4f38-2f1074cb24d2}"
EndProject
Project("{FAE04EC0-301F-11D3-BF4B-00C04F79EFBC}") = "glTFast.dots", "glTFast.dots.Player.csproj", "{d69218e4-c185-ce2c-5b1f-2f57f6c2a0fe}"
EndProject
Project("{FAE04EC0-301F-11D3-BF4B-00C04F79EFBC}") = "Unity.RenderPipelines.Universal.Config.Runtime", "Unity.RenderPipelines.Universal.Config.Runtime.Player.csproj", "{9b2e0512-b16f-ea03-0b54-0669d1f5842c}"
EndProject
Project("{FAE04EC0-301F-11D3-BF4B-00C04F79EFBC}") = "Unity.RenderPipelines.ShaderGraph.ShaderGraphLibrary", "Unity.RenderPipelines.ShaderGraph.ShaderGraphLibrary.Player.csproj", "{2f0236a7-5db1-ff66-9808-354a049e38b2}"
EndProject
Project("{FAE04EC0-301F-11D3-BF4B-00C04F79EFBC}") = "Unity.RenderPipelines.Core.ShaderLibrary", "Unity.RenderPipelines.Core.ShaderLibrary.Player.csproj", "{678fea18-db81-56fb-237f-eb1a8bb65d14}"
EndProject
Project("{FAE04EC0-301F-11D3-BF4B-00C04F79EFBC}") = "TestNewCustomAssembly", "TestNewCustomAssembly.csproj", "{1db414ee-fdee-53aa-42c4-9b2c40381140}"
EndProject
Project("{FAE04EC0-301F-11D3-BF4B-00C04F79EFBC}") = "Unity.AI.Navigation.Tests.EditorInPlaymode", "Unity.AI.Navigation.Tests.EditorInPlaymode.csproj", "{de77bdfb-8274-508c-530a-d4f09503781c}"
EndProject
Project("{FAE04EC0-301F-11D3-BF4B-00C04F79EFBC}") = "Unity.Mathematics.Tests", "Unity.Mathematics.Tests.csproj", "{0db6f2dd-829b-c957-4676-987e4565f43a}"
EndProject
Project("{FAE04EC0-301F-11D3-BF4B-00C04F79EFBC}") = "Unity.RenderPipelines.Core.Editor.Tests", "Unity.RenderPipelines.Core.Editor.Tests.csproj", "{5a8c3030-0ca7-9024-beb4-bbd27fb2ca30}"
EndProject
Project("{FAE04EC0-301F-11D3-BF4B-00C04F79EFBC}") = "Unity.Collections.Tests", "Unity.Collections.Tests.csproj", "{e46f2664-143b-b7fe-b067-3f8f43969ed9}"
EndProject
Project("{FAE04EC0-301F-11D3-BF4B-00C04F79EFBC}") = "Unity.RenderPipelines.Universal.Config.Editor.Tests", "Unity.RenderPipelines.Universal.Config.Editor.Tests.csproj", "{797e7c79-7cd9-4705-de0c-0cb07398bdcd}"
EndProject
Project("{FAE04EC0-301F-11D3-BF4B-00C04F79EFBC}") = "Unity.RenderPipelines.Universal.Editor.Tests", "Unity.RenderPipelines.Universal.Editor.Tests.csproj", "{6915f598-e242-8c20-7bae-9b0d15aaf0f7}"
EndProject
Project("{FAE04EC0-301F-11D3-BF4B-00C04F79EFBC}") = "Unity.Collections.DocCodeSamples", "Unity.Collections.DocCodeSamples.csproj", "{4de35ed2-cced-6e9e-ba8f-82a17923748f}"
EndProject
Project("{FAE04EC0-301F-11D3-BF4B-00C04F79EFBC}") = "Unity.2D.Sprite.Package.EditorTests", "Unity.2D.Sprite.Package.EditorTests.csproj", "{917c8dfb-0632-13e9-721c-3cb3dfb1dfa7}"
EndProject
Project("{FAE04EC0-301F-11D3-BF4B-00C04F79EFBC}") = "Unity.Searcher.EditorTests", "Unity.Searcher.EditorTests.csproj", "{5e57aecc-c77d-53c8-cb57-c62e5c8101bf}"
EndProject
Project("{FAE04EC0-301F-11D3-BF4B-00C04F79EFBC}") = "Unity.Collections.PerformanceTests", "Unity.Collections.PerformanceTests.csproj", "{e1edaaa3-5632-efce-adf3-7967bfddf3ff}"
EndProject
Project("{FAE04EC0-301F-11D3-BF4B-00C04F79EFBC}") = "Unity.Postprocessing.Runtime.Tests", "Unity.Postprocessing.Runtime.Tests.csproj", "{4b014501-fc65-3197-beeb-018c5818e947}"
EndProject
Project("{FAE04EC0-301F-11D3-BF4B-00C04F79EFBC}") = "Unity.AI.Navigation.Tests", "Unity.AI.Navigation.Tests.csproj", "{9ca25cd1-f9f9-1e98-8f1f-99bdb2bd5c73}"
EndProject
Project("{FAE04EC0-301F-11D3-BF4B-00C04F79EFBC}") = "Unity.TextMeshPro.Editor.Tests", "Unity.TextMeshPro.Editor.Tests.csproj", "{d99a3df1-681e-ad95-4b6f-001b073c7692}"
EndProject
Project("{FAE04EC0-301F-11D3-BF4B-00C04F79EFBC}") = "DocCodeExamples", "DocCodeExamples.csproj", "{9bf67a4b-a876-8619-609f-3aa1afa64cc8}"
EndProject
Project("{FAE04EC0-301F-11D3-BF4B-00C04F79EFBC}") = "Unity.LightTransport.Editor.Tests", "Unity.LightTransport.Editor.Tests.csproj", "{66106f35-54b4-0b4e-225e-2db3f10c1207}"
EndProject
Project("{FAE04EC0-301F-11D3-BF4B-00C04F79EFBC}") = "Unity.Multiplayer.Center.Tests", "Unity.Multiplayer.Center.Tests.csproj", "{c5381064-c317-fc68-98cd-793966a45be2}"
EndProject
Project("{FAE04EC0-301F-11D3-BF4B-00C04F79EFBC}") = "Unity.RenderPipelines.Core.Runtime.Tests", "Unity.RenderPipelines.Core.Runtime.Tests.csproj", "{2d105fa6-6fa5-07ac-af38-1fc91accf6fa}"
EndProject
Project("{FAE04EC0-301F-11D3-BF4B-00C04F79EFBC}") = "Unity.AI.Navigation.LegacyOffMeshLink.Tests", "Unity.AI.Navigation.LegacyOffMeshLink.Tests.csproj", "{73c5d946-0403-a43d-7e2d-6cd130de2e0e}"
EndProject
Project("{FAE04EC0-301F-11D3-BF4B-00C04F79EFBC}") = "Unity.Multiplayer.Center.Editor.Tests", "Unity.Multiplayer.Center.Editor.Tests.csproj", "{450a9229-6cbb-403a-b993-43aeeda463b6}"
EndProject
Project("{FAE04EC0-301F-11D3-BF4B-00C04F79EFBC}") = "Unity.AI.Navigation.Editor.Tests", "Unity.AI.Navigation.Editor.Tests.csproj", "{41f633d3-c80c-411e-58d2-904dc4195caa}"
EndProject
Project("{FAE04EC0-301F-11D3-BF4B-00C04F79EFBC}") = "UnityEngine.UI.Tests", "UnityEngine.UI.Tests.csproj", "{1525aac6-9b1c-7a64-ae2b-ffc8424d5250}"
EndProject
Project("{FAE04EC0-301F-11D3-BF4B-00C04F79EFBC}") = "Unity.InputSystem.IntegrationTests", "Unity.InputSystem.IntegrationTests.csproj", "{64a5205e-4e78-259f-8d45-727a1288b061}"
EndProject
Project("{FAE04EC0-301F-11D3-BF4B-00C04F79EFBC}") = "Unity.Collections.Tests.Playmode", "Unity.Collections.Tests.Playmode.csproj", "{316164d5-247a-dacf-1336-0e59184bfc35}"
EndProject
Project("{FAE04EC0-301F-11D3-BF4B-00C04F79EFBC}") = "Unity.Nuget.Mono-Cecil", "Unity.Nuget.Mono-Cecil.csproj", "{599cba3c-3503-7c34-c9f1-86571e375dee}"
EndProject
Project("{FAE04EC0-301F-11D3-BF4B-00C04F79EFBC}") = "Unity.TextMeshPro.Tests", "Unity.TextMeshPro.Tests.csproj", "{eab4cf60-1ea0-bc03-9059-cfbab6af42c2}"
EndProject
Project("{FAE04EC0-301F-11D3-BF4B-00C04F79EFBC}") = "UnityEditor.UI.EditorTests", "UnityEditor.UI.EditorTests.csproj", "{944efc84-764a-4c7c-dc80-0655ad1c614d}"
EndProject
Project("{FAE04EC0-301F-11D3-BF4B-00C04F79EFBC}") = "Unity.RenderPipelines.Universal.Runtime.Tests", "Unity.RenderPipelines.Universal.Runtime.Tests.csproj", "{deb2ca31-4fe1-29fe-428f-76468297c895}"
EndProject
Project("{FAE04EC0-301F-11D3-BF4B-00C04F79EFBC}") = "Unity.Postprocessing.Editor.Tests", "Unity.Postprocessing.Editor.Tests.csproj", "{7b216275-8532-a1e6-ddfc-6efaf32f792f}"
EndProject
Project("{FAE04EC0-301F-11D3-BF4B-00C04F79EFBC}") = "Unity.Collections.BurstCompatibilityGen", "Unity.Collections.BurstCompatibilityGen.csproj", "{b566abd5-a330-d455-4d63-3aba52801bdd}"
EndProject
Project("{FAE04EC0-301F-11D3-BF4B-00C04F79EFBC}") = "Unity.ShaderGraph.Editor.Tests", "Unity.ShaderGraph.Editor.Tests.csproj", "{d9de90d9-c3b1-ee6b-1c01-161e9cd8db0e}"
EndProject
Global
	GlobalSection(SolutionConfigurationPlatforms) = preSolution
		Debug|Any CPU = Debug|Any CPU
	EndGlobalSection
	GlobalSection(ProjectConfigurationPlatforms) = postSolution
		{32ea2eb4-1c7e-fdaf-f538-57c79a225bfc}.Debug|Any CPU.ActiveCfg = Debug|Any CPU
		{32ea2eb4-1c7e-fdaf-f538-57c79a225bfc}.Debug|Any CPU.Build.0 = Debug|Any CPU
		{c55ea8a4-f2a1-4501-0c5a-336a74809ca7}.Debug|Any CPU.ActiveCfg = Debug|Any CPU
		{c55ea8a4-f2a1-4501-0c5a-336a74809ca7}.Debug|Any CPU.Build.0 = Debug|Any CPU
		{ad0e5247-21be-f118-0b04-f99becfdc8b1}.Debug|Any CPU.ActiveCfg = Debug|Any CPU
		{ad0e5247-21be-f118-0b04-f99becfdc8b1}.Debug|Any CPU.Build.0 = Debug|Any CPU
		{c4c0a482-8603-7a3f-5953-6bda54aaa5c1}.Debug|Any CPU.ActiveCfg = Debug|Any CPU
		{c4c0a482-8603-7a3f-5953-6bda54aaa5c1}.Debug|Any CPU.Build.0 = Debug|Any CPU
		{522c4e34-5075-b3ae-8489-5a94f8ab8a82}.Debug|Any CPU.ActiveCfg = Debug|Any CPU
		{522c4e34-5075-b3ae-8489-5a94f8ab8a82}.Debug|Any CPU.Build.0 = Debug|Any CPU
		{919dec68-d035-9709-d58a-4d534c9a5c7b}.Debug|Any CPU.ActiveCfg = Debug|Any CPU
		{919dec68-d035-9709-d58a-4d534c9a5c7b}.Debug|Any CPU.Build.0 = Debug|Any CPU
		{c465cd07-ca76-6a4d-b949-07c2ca72d9e5}.Debug|Any CPU.ActiveCfg = Debug|Any CPU
		{c465cd07-ca76-6a4d-b949-07c2ca72d9e5}.Debug|Any CPU.Build.0 = Debug|Any CPU
		{c1bb69b3-2fcc-362a-49e0-78787a72aafe}.Debug|Any CPU.ActiveCfg = Debug|Any CPU
		{c1bb69b3-2fcc-362a-49e0-78787a72aafe}.Debug|Any CPU.Build.0 = Debug|Any CPU
		{2d22c069-c88a-db41-b0b0-a095e926aa75}.Debug|Any CPU.ActiveCfg = Debug|Any CPU
		{2d22c069-c88a-db41-b0b0-a095e926aa75}.Debug|Any CPU.Build.0 = Debug|Any CPU
		{817645b8-e6cc-117e-26f5-f93f3dd4a4c9}.Debug|Any CPU.ActiveCfg = Debug|Any CPU
		{817645b8-e6cc-117e-26f5-f93f3dd4a4c9}.Debug|Any CPU.Build.0 = Debug|Any CPU
		{e8ad9fab-0776-7705-d9fd-11cd95e69fa5}.Debug|Any CPU.ActiveCfg = Debug|Any CPU
		{e8ad9fab-0776-7705-d9fd-11cd95e69fa5}.Debug|Any CPU.Build.0 = Debug|Any CPU
		{3400f826-9490-df19-0c4c-ff2fb8ed6f60}.Debug|Any CPU.ActiveCfg = Debug|Any CPU
		{3400f826-9490-df19-0c4c-ff2fb8ed6f60}.Debug|Any CPU.Build.0 = Debug|Any CPU
		{f49530fe-ce6f-7a0f-b596-fd45b3290b58}.Debug|Any CPU.ActiveCfg = Debug|Any CPU
		{f49530fe-ce6f-7a0f-b596-fd45b3290b58}.Debug|Any CPU.Build.0 = Debug|Any CPU
		{923bb2d8-dd41-f8be-1687-78d5aadff44b}.Debug|Any CPU.ActiveCfg = Debug|Any CPU
		{923bb2d8-dd41-f8be-1687-78d5aadff44b}.Debug|Any CPU.Build.0 = Debug|Any CPU
		{00caba4e-9ab1-cf72-1ff7-e0a5c060f9ef}.Debug|Any CPU.ActiveCfg = Debug|Any CPU
		{00caba4e-9ab1-cf72-1ff7-e0a5c060f9ef}.Debug|Any CPU.Build.0 = Debug|Any CPU
		{4c18fee9-c95e-ab34-ced4-bf6afdb1ba5c}.Debug|Any CPU.ActiveCfg = Debug|Any CPU
		{4c18fee9-c95e-ab34-ced4-bf6afdb1ba5c}.Debug|Any CPU.Build.0 = Debug|Any CPU
		{2409f3c2-4149-39dc-fa05-4767163924a8}.Debug|Any CPU.ActiveCfg = Debug|Any CPU
		{2409f3c2-4149-39dc-fa05-4767163924a8}.Debug|Any CPU.Build.0 = Debug|Any CPU
		{921fa0a5-5c17-6f28-7cb5-8f95ce3033c3}.Debug|Any CPU.ActiveCfg = Debug|Any CPU
		{921fa0a5-5c17-6f28-7cb5-8f95ce3033c3}.Debug|Any CPU.Build.0 = Debug|Any CPU
		{d4d97463-8990-0ae4-1b15-68b0cc408578}.Debug|Any CPU.ActiveCfg = Debug|Any CPU
		{d4d97463-8990-0ae4-1b15-68b0cc408578}.Debug|Any CPU.Build.0 = Debug|Any CPU
		{2d4071cb-2da4-827d-de86-1ca216bd51a7}.Debug|Any CPU.ActiveCfg = Debug|Any CPU
		{2d4071cb-2da4-827d-de86-1ca216bd51a7}.Debug|Any CPU.Build.0 = Debug|Any CPU
		{f30f054d-8fab-6d5d-f30f-abb07df827f5}.Debug|Any CPU.ActiveCfg = Debug|Any CPU
		{f30f054d-8fab-6d5d-f30f-abb07df827f5}.Debug|Any CPU.Build.0 = Debug|Any CPU
		{00f145af-54a7-4242-a81c-fee2ad893405}.Debug|Any CPU.ActiveCfg = Debug|Any CPU
		{00f145af-54a7-4242-a81c-fee2ad893405}.Debug|Any CPU.Build.0 = Debug|Any CPU
		{6dfca172-53e1-4586-151a-c62102d87586}.Debug|Any CPU.ActiveCfg = Debug|Any CPU
		{6dfca172-53e1-4586-151a-c62102d87586}.Debug|Any CPU.Build.0 = Debug|Any CPU
		{b670bec7-e2d8-e317-6585-efc0130c719e}.Debug|Any CPU.ActiveCfg = Debug|Any CPU
		{b670bec7-e2d8-e317-6585-efc0130c719e}.Debug|Any CPU.Build.0 = Debug|Any CPU
		{52c565a6-a898-4934-c026-70f1ae2c2a2f}.Debug|Any CPU.ActiveCfg = Debug|Any CPU
		{52c565a6-a898-4934-c026-70f1ae2c2a2f}.Debug|Any CPU.Build.0 = Debug|Any CPU
		{2625e0bb-52e5-31bf-a698-7e6ef5b69e7a}.Debug|Any CPU.ActiveCfg = Debug|Any CPU
		{2625e0bb-52e5-31bf-a698-7e6ef5b69e7a}.Debug|Any CPU.Build.0 = Debug|Any CPU
		{abfebc43-208a-b520-8e0a-03d62a670983}.Debug|Any CPU.ActiveCfg = Debug|Any CPU
		{abfebc43-208a-b520-8e0a-03d62a670983}.Debug|Any CPU.Build.0 = Debug|Any CPU
		{0a428a5d-a65d-6287-69a7-41379dbc1780}.Debug|Any CPU.ActiveCfg = Debug|Any CPU
		{0a428a5d-a65d-6287-69a7-41379dbc1780}.Debug|Any CPU.Build.0 = Debug|Any CPU
		{0232cc65-7e5c-d1ae-00f8-75fc6e15d8a8}.Debug|Any CPU.ActiveCfg = Debug|Any CPU
		{0232cc65-7e5c-d1ae-00f8-75fc6e15d8a8}.Debug|Any CPU.Build.0 = Debug|Any CPU
		{aff262d7-cd64-450f-c118-54275b98cab8}.Debug|Any CPU.ActiveCfg = Debug|Any CPU
		{aff262d7-cd64-450f-c118-54275b98cab8}.Debug|Any CPU.Build.0 = Debug|Any CPU
		{b82d02ca-8c67-698b-0295-649c0f110107}.Debug|Any CPU.ActiveCfg = Debug|Any CPU
		{b82d02ca-8c67-698b-0295-649c0f110107}.Debug|Any CPU.Build.0 = Debug|Any CPU
		{3a695db1-255f-0a7b-6bf8-b446e941fdfa}.Debug|Any CPU.ActiveCfg = Debug|Any CPU
		{3a695db1-255f-0a7b-6bf8-b446e941fdfa}.Debug|Any CPU.Build.0 = Debug|Any CPU
		{e3e1bf4a-1414-fbe7-c1a4-aaf061e6a615}.Debug|Any CPU.ActiveCfg = Debug|Any CPU
		{e3e1bf4a-1414-fbe7-c1a4-aaf061e6a615}.Debug|Any CPU.Build.0 = Debug|Any CPU
		{cfaf4a1f-5666-0013-3308-04529cc3014b}.Debug|Any CPU.ActiveCfg = Debug|Any CPU
		{cfaf4a1f-5666-0013-3308-04529cc3014b}.Debug|Any CPU.Build.0 = Debug|Any CPU
		{aa07d587-5dbb-6321-8c64-1d0aa945af82}.Debug|Any CPU.ActiveCfg = Debug|Any CPU
		{aa07d587-5dbb-6321-8c64-1d0aa945af82}.Debug|Any CPU.Build.0 = Debug|Any CPU
		{d9d448d8-9546-cbe7-8b7a-b658f01893a5}.Debug|Any CPU.ActiveCfg = Debug|Any CPU
		{d9d448d8-9546-cbe7-8b7a-b658f01893a5}.Debug|Any CPU.Build.0 = Debug|Any CPU
		{f20f76a2-34cc-f21a-37b2-7685aa719dba}.Debug|Any CPU.ActiveCfg = Debug|Any CPU
		{f20f76a2-34cc-f21a-37b2-7685aa719dba}.Debug|Any CPU.Build.0 = Debug|Any CPU
		{cc650f9f-4b15-e755-bf79-9bdb19481206}.Debug|Any CPU.ActiveCfg = Debug|Any CPU
		{cc650f9f-4b15-e755-bf79-9bdb19481206}.Debug|Any CPU.Build.0 = Debug|Any CPU
		{575b7857-f3ca-4779-3f40-d4a9757bafda}.Debug|Any CPU.ActiveCfg = Debug|Any CPU
		{575b7857-f3ca-4779-3f40-d4a9757bafda}.Debug|Any CPU.Build.0 = Debug|Any CPU
		{ad78af4d-51a7-c563-685f-e8af7cad847f}.Debug|Any CPU.ActiveCfg = Debug|Any CPU
		{ad78af4d-51a7-c563-685f-e8af7cad847f}.Debug|Any CPU.Build.0 = Debug|Any CPU
		{12a6d09d-0d5e-be68-923c-b7aafb0adec9}.Debug|Any CPU.ActiveCfg = Debug|Any CPU
		{12a6d09d-0d5e-be68-923c-b7aafb0adec9}.Debug|Any CPU.Build.0 = Debug|Any CPU
		{1a22c9ca-841f-011a-720a-1d8516bad3e2}.Debug|Any CPU.ActiveCfg = Debug|Any CPU
		{1a22c9ca-841f-011a-720a-1d8516bad3e2}.Debug|Any CPU.Build.0 = Debug|Any CPU
		{1bd1ea6f-60b8-3e2f-7451-50379968258c}.Debug|Any CPU.ActiveCfg = Debug|Any CPU
		{1bd1ea6f-60b8-3e2f-7451-50379968258c}.Debug|Any CPU.Build.0 = Debug|Any CPU
		{836d0c51-b563-3126-9590-1b43c158ec99}.Debug|Any CPU.ActiveCfg = Debug|Any CPU
		{836d0c51-b563-3126-9590-1b43c158ec99}.Debug|Any CPU.Build.0 = Debug|Any CPU
		{91259b52-429f-6619-2c67-13c4daade0e0}.Debug|Any CPU.ActiveCfg = Debug|Any CPU
		{91259b52-429f-6619-2c67-13c4daade0e0}.Debug|Any CPU.Build.0 = Debug|Any CPU
		{de415936-8c76-438d-e97d-d18c6b8062fa}.Debug|Any CPU.ActiveCfg = Debug|Any CPU
		{de415936-8c76-438d-e97d-d18c6b8062fa}.Debug|Any CPU.Build.0 = Debug|Any CPU
		{de22a821-16e5-9d74-a688-69ea64bd0db2}.Debug|Any CPU.ActiveCfg = Debug|Any CPU
		{de22a821-16e5-9d74-a688-69ea64bd0db2}.Debug|Any CPU.Build.0 = Debug|Any CPU
		{c94a9ace-b6d3-b4df-64a0-17d4a93b7fc2}.Debug|Any CPU.ActiveCfg = Debug|Any CPU
		{c94a9ace-b6d3-b4df-64a0-17d4a93b7fc2}.Debug|Any CPU.Build.0 = Debug|Any CPU
		{8d89f723-3378-d75a-8da2-ea7470b09fe2}.Debug|Any CPU.ActiveCfg = Debug|Any CPU
		{8d89f723-3378-d75a-8da2-ea7470b09fe2}.Debug|Any CPU.Build.0 = Debug|Any CPU
		{971c8179-c953-a74f-3343-17e546f76110}.Debug|Any CPU.ActiveCfg = Debug|Any CPU
		{971c8179-c953-a74f-3343-17e546f76110}.Debug|Any CPU.Build.0 = Debug|Any CPU
		{266889d9-db4c-4443-41e6-9f3cdb51b9c0}.Debug|Any CPU.ActiveCfg = Debug|Any CPU
		{266889d9-db4c-4443-41e6-9f3cdb51b9c0}.Debug|Any CPU.Build.0 = Debug|Any CPU
		{429fde62-7977-73c2-cd97-b91d3d149e2c}.Debug|Any CPU.ActiveCfg = Debug|Any CPU
		{429fde62-7977-73c2-cd97-b91d3d149e2c}.Debug|Any CPU.Build.0 = Debug|Any CPU
		{c31d4366-9ec8-c2ee-8e6e-822d88abf196}.Debug|Any CPU.ActiveCfg = Debug|Any CPU
		{c31d4366-9ec8-c2ee-8e6e-822d88abf196}.Debug|Any CPU.Build.0 = Debug|Any CPU
		{bc8e7e91-17f7-cf8a-c455-85d2ce93f125}.Debug|Any CPU.ActiveCfg = Debug|Any CPU
		{bc8e7e91-17f7-cf8a-c455-85d2ce93f125}.Debug|Any CPU.Build.0 = Debug|Any CPU
		{b9601dfe-c152-38f6-b322-0d3e6b9005ba}.Debug|Any CPU.ActiveCfg = Debug|Any CPU
		{b9601dfe-c152-38f6-b322-0d3e6b9005ba}.Debug|Any CPU.Build.0 = Debug|Any CPU
		{aecb0fcd-1f84-3b96-6746-c38a419fb15d}.Debug|Any CPU.ActiveCfg = Debug|Any CPU
		{aecb0fcd-1f84-3b96-6746-c38a419fb15d}.Debug|Any CPU.Build.0 = Debug|Any CPU
		{83e661c3-e789-a7d1-ac6b-c693bbe6a01f}.Debug|Any CPU.ActiveCfg = Debug|Any CPU
		{83e661c3-e789-a7d1-ac6b-c693bbe6a01f}.Debug|Any CPU.Build.0 = Debug|Any CPU
		{db7b3749-bc48-4b51-9a43-c0a870a79d98}.Debug|Any CPU.ActiveCfg = Debug|Any CPU
		{db7b3749-bc48-4b51-9a43-c0a870a79d98}.Debug|Any CPU.Build.0 = Debug|Any CPU
		{039411a8-b7b8-d8ec-eaa4-cfac7891aacf}.Debug|Any CPU.ActiveCfg = Debug|Any CPU
		{039411a8-b7b8-d8ec-eaa4-cfac7891aacf}.Debug|Any CPU.Build.0 = Debug|Any CPU
		{e1213099-bf36-320c-5514-3130363b4866}.Debug|Any CPU.ActiveCfg = Debug|Any CPU
		{e1213099-bf36-320c-5514-3130363b4866}.Debug|Any CPU.Build.0 = Debug|Any CPU
		{73806d37-5eb0-a02b-afaf-b0e5957119ea}.Debug|Any CPU.ActiveCfg = Debug|Any CPU
		{73806d37-5eb0-a02b-afaf-b0e5957119ea}.Debug|Any CPU.Build.0 = Debug|Any CPU
		{5aff8e30-11c7-01b6-488c-83c14ee66285}.Debug|Any CPU.ActiveCfg = Debug|Any CPU
		{5aff8e30-11c7-01b6-488c-83c14ee66285}.Debug|Any CPU.Build.0 = Debug|Any CPU
		{47be024b-f0d3-2175-b766-88a8a1233f7e}.Debug|Any CPU.ActiveCfg = Debug|Any CPU
		{47be024b-f0d3-2175-b766-88a8a1233f7e}.Debug|Any CPU.Build.0 = Debug|Any CPU
		{db12cb48-c06f-0629-cb15-38ca1191e564}.Debug|Any CPU.ActiveCfg = Debug|Any CPU
		{db12cb48-c06f-0629-cb15-38ca1191e564}.Debug|Any CPU.Build.0 = Debug|Any CPU
		{e7737e5c-7862-7370-d7d3-57b243649067}.Debug|Any CPU.ActiveCfg = Debug|Any CPU
		{e7737e5c-7862-7370-d7d3-57b243649067}.Debug|Any CPU.Build.0 = Debug|Any CPU
		{ab8abc3f-c3d2-a9e0-5759-bf08e90475dd}.Debug|Any CPU.ActiveCfg = Debug|Any CPU
		{ab8abc3f-c3d2-a9e0-5759-bf08e90475dd}.Debug|Any CPU.Build.0 = Debug|Any CPU
		{5134a40f-26a0-495e-0d29-6abfea6fa2d1}.Debug|Any CPU.ActiveCfg = Debug|Any CPU
		{5134a40f-26a0-495e-0d29-6abfea6fa2d1}.Debug|Any CPU.Build.0 = Debug|Any CPU
		{c01ea92a-5b1a-5885-afd0-43dbc687f695}.Debug|Any CPU.ActiveCfg = Debug|Any CPU
		{c01ea92a-5b1a-5885-afd0-43dbc687f695}.Debug|Any CPU.Build.0 = Debug|Any CPU
		{13e593b1-db58-486a-4f6a-77e5f643387e}.Debug|Any CPU.ActiveCfg = Debug|Any CPU
		{13e593b1-db58-486a-4f6a-77e5f643387e}.Debug|Any CPU.Build.0 = Debug|Any CPU
		{29977014-7299-f7b3-2790-2f0749010422}.Debug|Any CPU.ActiveCfg = Debug|Any CPU
		{29977014-7299-f7b3-2790-2f0749010422}.Debug|Any CPU.Build.0 = Debug|Any CPU
		{06c5e490-b4fd-164c-0e66-fe9b5d53f71b}.Debug|Any CPU.ActiveCfg = Debug|Any CPU
		{06c5e490-b4fd-164c-0e66-fe9b5d53f71b}.Debug|Any CPU.Build.0 = Debug|Any CPU
		{763661c9-a2b4-32e5-b6f8-5b0f9f1fde7d}.Debug|Any CPU.ActiveCfg = Debug|Any CPU
		{763661c9-a2b4-32e5-b6f8-5b0f9f1fde7d}.Debug|Any CPU.Build.0 = Debug|Any CPU
		{a78be446-ae93-b142-545b-664d890a0d30}.Debug|Any CPU.ActiveCfg = Debug|Any CPU
		{a78be446-ae93-b142-545b-664d890a0d30}.Debug|Any CPU.Build.0 = Debug|Any CPU
		{e32c92fa-bdfe-d05e-4e32-294b3bdd3e8e}.Debug|Any CPU.ActiveCfg = Debug|Any CPU
		{e32c92fa-bdfe-d05e-4e32-294b3bdd3e8e}.Debug|Any CPU.Build.0 = Debug|Any CPU
		{6e808da6-62b7-29a0-97af-b2f7cbcd1644}.Debug|Any CPU.ActiveCfg = Debug|Any CPU
		{6e808da6-62b7-29a0-97af-b2f7cbcd1644}.Debug|Any CPU.Build.0 = Debug|Any CPU
		{842a8bdc-6543-c556-4f49-682b0f4e6574}.Debug|Any CPU.ActiveCfg = Debug|Any CPU
		{842a8bdc-6543-c556-4f49-682b0f4e6574}.Debug|Any CPU.Build.0 = Debug|Any CPU
		{5e98b8f3-559f-c405-37c1-58d7cc3401fc}.Debug|Any CPU.ActiveCfg = Debug|Any CPU
		{5e98b8f3-559f-c405-37c1-58d7cc3401fc}.Debug|Any CPU.Build.0 = Debug|Any CPU
		{ba7261f5-19cd-c6a6-a7f1-d26b73ce22a8}.Debug|Any CPU.ActiveCfg = Debug|Any CPU
		{ba7261f5-19cd-c6a6-a7f1-d26b73ce22a8}.Debug|Any CPU.Build.0 = Debug|Any CPU
		{995b0e64-2ac4-91af-6059-1e1f92b7dad8}.Debug|Any CPU.ActiveCfg = Debug|Any CPU
		{995b0e64-2ac4-91af-6059-1e1f92b7dad8}.Debug|Any CPU.Build.0 = Debug|Any CPU
		{8c1cfb7e-9a13-7592-a3f3-e1c0dfb4b8cf}.Debug|Any CPU.ActiveCfg = Debug|Any CPU
		{8c1cfb7e-9a13-7592-a3f3-e1c0dfb4b8cf}.Debug|Any CPU.Build.0 = Debug|Any CPU
		{a9655aba-57b0-4462-5d37-9ee30666ae63}.Debug|Any CPU.ActiveCfg = Debug|Any CPU
		{a9655aba-57b0-4462-5d37-9ee30666ae63}.Debug|Any CPU.Build.0 = Debug|Any CPU
		{02a2542c-181d-c0a2-2e99-946c16a04bc0}.Debug|Any CPU.ActiveCfg = Debug|Any CPU
		{02a2542c-181d-c0a2-2e99-946c16a04bc0}.Debug|Any CPU.Build.0 = Debug|Any CPU
		{ea8ebb5f-06b0-ea4c-424e-b14e9a61c798}.Debug|Any CPU.ActiveCfg = Debug|Any CPU
		{ea8ebb5f-06b0-ea4c-424e-b14e9a61c798}.Debug|Any CPU.Build.0 = Debug|Any CPU
		{fc110e70-1cdf-81ac-cdea-7a5715f441dd}.Debug|Any CPU.ActiveCfg = Debug|Any CPU
		{fc110e70-1cdf-81ac-cdea-7a5715f441dd}.Debug|Any CPU.Build.0 = Debug|Any CPU
		{826c4733-e25e-cf48-c1c1-24ff61395dfa}.Debug|Any CPU.ActiveCfg = Debug|Any CPU
		{826c4733-e25e-cf48-c1c1-24ff61395dfa}.Debug|Any CPU.Build.0 = Debug|Any CPU
		{52783966-4ef5-50a7-8229-b88a61e4d430}.Debug|Any CPU.ActiveCfg = Debug|Any CPU
		{52783966-4ef5-50a7-8229-b88a61e4d430}.Debug|Any CPU.Build.0 = Debug|Any CPU
		{2c23605d-8ea5-ad46-0d2a-41a6b6f869c3}.Debug|Any CPU.ActiveCfg = Debug|Any CPU
		{2c23605d-8ea5-ad46-0d2a-41a6b6f869c3}.Debug|Any CPU.Build.0 = Debug|Any CPU
		{e917b4ea-05d8-a7ae-c0c0-769e0954d824}.Debug|Any CPU.ActiveCfg = Debug|Any CPU
		{e917b4ea-05d8-a7ae-c0c0-769e0954d824}.Debug|Any CPU.Build.0 = Debug|Any CPU
		{68ebdea3-8fa6-3031-b5ea-a80e2a37c0fa}.Debug|Any CPU.ActiveCfg = Debug|Any CPU
		{68ebdea3-8fa6-3031-b5ea-a80e2a37c0fa}.Debug|Any CPU.Build.0 = Debug|Any CPU
		{f573ce66-a103-9203-5ebb-6553ddfcd936}.Debug|Any CPU.ActiveCfg = Debug|Any CPU
		{f573ce66-a103-9203-5ebb-6553ddfcd936}.Debug|Any CPU.Build.0 = Debug|Any CPU
		{3bd1d3ce-3a2d-f904-db77-d56f46e93979}.Debug|Any CPU.ActiveCfg = Debug|Any CPU
		{3bd1d3ce-3a2d-f904-db77-d56f46e93979}.Debug|Any CPU.Build.0 = Debug|Any CPU
		{1a95a98c-d005-6bbb-4862-e865f71f87f9}.Debug|Any CPU.ActiveCfg = Debug|Any CPU
		{1a95a98c-d005-6bbb-4862-e865f71f87f9}.Debug|Any CPU.Build.0 = Debug|Any CPU
		{bcef433d-425f-9a96-42d8-d971b386a6f4}.Debug|Any CPU.ActiveCfg = Debug|Any CPU
		{bcef433d-425f-9a96-42d8-d971b386a6f4}.Debug|Any CPU.Build.0 = Debug|Any CPU
		{abca0a99-c241-32da-0020-e61c0d7b885d}.Debug|Any CPU.ActiveCfg = Debug|Any CPU
		{abca0a99-c241-32da-0020-e61c0d7b885d}.Debug|Any CPU.Build.0 = Debug|Any CPU
		{387accb5-eaef-7bc4-d701-283cf65b641e}.Debug|Any CPU.ActiveCfg = Debug|Any CPU
		{387accb5-eaef-7bc4-d701-283cf65b641e}.Debug|Any CPU.Build.0 = Debug|Any CPU
		{ddac7782-8b2f-b95c-1c17-4c71af4b7591}.Debug|Any CPU.ActiveCfg = Debug|Any CPU
		{ddac7782-8b2f-b95c-1c17-4c71af4b7591}.Debug|Any CPU.Build.0 = Debug|Any CPU
		{b35cf4ab-e3c0-e985-585e-3815b59145df}.Debug|Any CPU.ActiveCfg = Debug|Any CPU
		{b35cf4ab-e3c0-e985-585e-3815b59145df}.Debug|Any CPU.Build.0 = Debug|Any CPU
		{282e88e5-a1c5-81ed-bb7a-8927a01ac05d}.Debug|Any CPU.ActiveCfg = Debug|Any CPU
		{282e88e5-a1c5-81ed-bb7a-8927a01ac05d}.Debug|Any CPU.Build.0 = Debug|Any CPU
		{8c82d4f2-38e9-7103-322a-9d2ad3724d5d}.Debug|Any CPU.ActiveCfg = Debug|Any CPU
		{8c82d4f2-38e9-7103-322a-9d2ad3724d5d}.Debug|Any CPU.Build.0 = Debug|Any CPU
		{e34deaeb-7009-f3c2-89e3-98910a0d877e}.Debug|Any CPU.ActiveCfg = Debug|Any CPU
		{e34deaeb-7009-f3c2-89e3-98910a0d877e}.Debug|Any CPU.Build.0 = Debug|Any CPU
		{ad688053-548d-d8e7-4f38-2f1074cb24d2}.Debug|Any CPU.ActiveCfg = Debug|Any CPU
		{ad688053-548d-d8e7-4f38-2f1074cb24d2}.Debug|Any CPU.Build.0 = Debug|Any CPU
		{d69218e4-c185-ce2c-5b1f-2f57f6c2a0fe}.Debug|Any CPU.ActiveCfg = Debug|Any CPU
		{d69218e4-c185-ce2c-5b1f-2f57f6c2a0fe}.Debug|Any CPU.Build.0 = Debug|Any CPU
		{9b2e0512-b16f-ea03-0b54-0669d1f5842c}.Debug|Any CPU.ActiveCfg = Debug|Any CPU
		{9b2e0512-b16f-ea03-0b54-0669d1f5842c}.Debug|Any CPU.Build.0 = Debug|Any CPU
		{2f0236a7-5db1-ff66-9808-354a049e38b2}.Debug|Any CPU.ActiveCfg = Debug|Any CPU
		{2f0236a7-5db1-ff66-9808-354a049e38b2}.Debug|Any CPU.Build.0 = Debug|Any CPU
		{678fea18-db81-56fb-237f-eb1a8bb65d14}.Debug|Any CPU.ActiveCfg = Debug|Any CPU
		{678fea18-db81-56fb-237f-eb1a8bb65d14}.Debug|Any CPU.Build.0 = Debug|Any CPU
		{1db414ee-fdee-53aa-42c4-9b2c40381140}.Debug|Any CPU.ActiveCfg = Debug|Any CPU
		{1db414ee-fdee-53aa-42c4-9b2c40381140}.Debug|Any CPU.Build.0 = Debug|Any CPU
		{de77bdfb-8274-508c-530a-d4f09503781c}.Debug|Any CPU.ActiveCfg = Debug|Any CPU
		{de77bdfb-8274-508c-530a-d4f09503781c}.Debug|Any CPU.Build.0 = Debug|Any CPU
		{0db6f2dd-829b-c957-4676-987e4565f43a}.Debug|Any CPU.ActiveCfg = Debug|Any CPU
		{0db6f2dd-829b-c957-4676-987e4565f43a}.Debug|Any CPU.Build.0 = Debug|Any CPU
		{5a8c3030-0ca7-9024-beb4-bbd27fb2ca30}.Debug|Any CPU.ActiveCfg = Debug|Any CPU
		{5a8c3030-0ca7-9024-beb4-bbd27fb2ca30}.Debug|Any CPU.Build.0 = Debug|Any CPU
		{e46f2664-143b-b7fe-b067-3f8f43969ed9}.Debug|Any CPU.ActiveCfg = Debug|Any CPU
		{e46f2664-143b-b7fe-b067-3f8f43969ed9}.Debug|Any CPU.Build.0 = Debug|Any CPU
		{797e7c79-7cd9-4705-de0c-0cb07398bdcd}.Debug|Any CPU.ActiveCfg = Debug|Any CPU
		{797e7c79-7cd9-4705-de0c-0cb07398bdcd}.Debug|Any CPU.Build.0 = Debug|Any CPU
		{6915f598-e242-8c20-7bae-9b0d15aaf0f7}.Debug|Any CPU.ActiveCfg = Debug|Any CPU
		{6915f598-e242-8c20-7bae-9b0d15aaf0f7}.Debug|Any CPU.Build.0 = Debug|Any CPU
		{4de35ed2-cced-6e9e-ba8f-82a17923748f}.Debug|Any CPU.ActiveCfg = Debug|Any CPU
		{4de35ed2-cced-6e9e-ba8f-82a17923748f}.Debug|Any CPU.Build.0 = Debug|Any CPU
		{917c8dfb-0632-13e9-721c-3cb3dfb1dfa7}.Debug|Any CPU.ActiveCfg = Debug|Any CPU
		{917c8dfb-0632-13e9-721c-3cb3dfb1dfa7}.Debug|Any CPU.Build.0 = Debug|Any CPU
		{5e57aecc-c77d-53c8-cb57-c62e5c8101bf}.Debug|Any CPU.ActiveCfg = Debug|Any CPU
		{5e57aecc-c77d-53c8-cb57-c62e5c8101bf}.Debug|Any CPU.Build.0 = Debug|Any CPU
		{e1edaaa3-5632-efce-adf3-7967bfddf3ff}.Debug|Any CPU.ActiveCfg = Debug|Any CPU
		{e1edaaa3-5632-efce-adf3-7967bfddf3ff}.Debug|Any CPU.Build.0 = Debug|Any CPU
		{4b014501-fc65-3197-beeb-018c5818e947}.Debug|Any CPU.ActiveCfg = Debug|Any CPU
		{4b014501-fc65-3197-beeb-018c5818e947}.Debug|Any CPU.Build.0 = Debug|Any CPU
		{9ca25cd1-f9f9-1e98-8f1f-99bdb2bd5c73}.Debug|Any CPU.ActiveCfg = Debug|Any CPU
		{9ca25cd1-f9f9-1e98-8f1f-99bdb2bd5c73}.Debug|Any CPU.Build.0 = Debug|Any CPU
		{d99a3df1-681e-ad95-4b6f-001b073c7692}.Debug|Any CPU.ActiveCfg = Debug|Any CPU
		{d99a3df1-681e-ad95-4b6f-001b073c7692}.Debug|Any CPU.Build.0 = Debug|Any CPU
		{9bf67a4b-a876-8619-609f-3aa1afa64cc8}.Debug|Any CPU.ActiveCfg = Debug|Any CPU
		{9bf67a4b-a876-8619-609f-3aa1afa64cc8}.Debug|Any CPU.Build.0 = Debug|Any CPU
		{66106f35-54b4-0b4e-225e-2db3f10c1207}.Debug|Any CPU.ActiveCfg = Debug|Any CPU
		{66106f35-54b4-0b4e-225e-2db3f10c1207}.Debug|Any CPU.Build.0 = Debug|Any CPU
		{c5381064-c317-fc68-98cd-793966a45be2}.Debug|Any CPU.ActiveCfg = Debug|Any CPU
		{c5381064-c317-fc68-98cd-793966a45be2}.Debug|Any CPU.Build.0 = Debug|Any CPU
		{2d105fa6-6fa5-07ac-af38-1fc91accf6fa}.Debug|Any CPU.ActiveCfg = Debug|Any CPU
		{2d105fa6-6fa5-07ac-af38-1fc91accf6fa}.Debug|Any CPU.Build.0 = Debug|Any CPU
		{73c5d946-0403-a43d-7e2d-6cd130de2e0e}.Debug|Any CPU.ActiveCfg = Debug|Any CPU
		{73c5d946-0403-a43d-7e2d-6cd130de2e0e}.Debug|Any CPU.Build.0 = Debug|Any CPU
		{450a9229-6cbb-403a-b993-43aeeda463b6}.Debug|Any CPU.ActiveCfg = Debug|Any CPU
		{450a9229-6cbb-403a-b993-43aeeda463b6}.Debug|Any CPU.Build.0 = Debug|Any CPU
		{41f633d3-c80c-411e-58d2-904dc4195caa}.Debug|Any CPU.ActiveCfg = Debug|Any CPU
		{41f633d3-c80c-411e-58d2-904dc4195caa}.Debug|Any CPU.Build.0 = Debug|Any CPU
		{1525aac6-9b1c-7a64-ae2b-ffc8424d5250}.Debug|Any CPU.ActiveCfg = Debug|Any CPU
		{1525aac6-9b1c-7a64-ae2b-ffc8424d5250}.Debug|Any CPU.Build.0 = Debug|Any CPU
		{64a5205e-4e78-259f-8d45-727a1288b061}.Debug|Any CPU.ActiveCfg = Debug|Any CPU
		{64a5205e-4e78-259f-8d45-727a1288b061}.Debug|Any CPU.Build.0 = Debug|Any CPU
		{316164d5-247a-dacf-1336-0e59184bfc35}.Debug|Any CPU.ActiveCfg = Debug|Any CPU
		{316164d5-247a-dacf-1336-0e59184bfc35}.Debug|Any CPU.Build.0 = Debug|Any CPU
		{599cba3c-3503-7c34-c9f1-86571e375dee}.Debug|Any CPU.ActiveCfg = Debug|Any CPU
		{599cba3c-3503-7c34-c9f1-86571e375dee}.Debug|Any CPU.Build.0 = Debug|Any CPU
		{eab4cf60-1ea0-bc03-9059-cfbab6af42c2}.Debug|Any CPU.ActiveCfg = Debug|Any CPU
		{eab4cf60-1ea0-bc03-9059-cfbab6af42c2}.Debug|Any CPU.Build.0 = Debug|Any CPU
		{944efc84-764a-4c7c-dc80-0655ad1c614d}.Debug|Any CPU.ActiveCfg = Debug|Any CPU
		{944efc84-764a-4c7c-dc80-0655ad1c614d}.Debug|Any CPU.Build.0 = Debug|Any CPU
		{deb2ca31-4fe1-29fe-428f-76468297c895}.Debug|Any CPU.ActiveCfg = Debug|Any CPU
		{deb2ca31-4fe1-29fe-428f-76468297c895}.Debug|Any CPU.Build.0 = Debug|Any CPU
		{7b216275-8532-a1e6-ddfc-6efaf32f792f}.Debug|Any CPU.ActiveCfg = Debug|Any CPU
		{7b216275-8532-a1e6-ddfc-6efaf32f792f}.Debug|Any CPU.Build.0 = Debug|Any CPU
		{b566abd5-a330-d455-4d63-3aba52801bdd}.Debug|Any CPU.ActiveCfg = Debug|Any CPU
		{b566abd5-a330-d455-4d63-3aba52801bdd}.Debug|Any CPU.Build.0 = Debug|Any CPU
		{d9de90d9-c3b1-ee6b-1c01-161e9cd8db0e}.Debug|Any CPU.ActiveCfg = Debug|Any CPU
		{d9de90d9-c3b1-ee6b-1c01-161e9cd8db0e}.Debug|Any CPU.Build.0 = Debug|Any CPU
	EndGlobalSection
	GlobalSection(SolutionProperties) = preSolution
		HideSolutionNode = FALSE
	EndGlobalSection
EndGlobal
