
Microsoft Visual Studio Solution File, Format Version 12.00
# Visual Studio 15
Project("{FAE04EC0-301F-11D3-BF4B-00C04F79EFBC}") = "Unity.Timeline", "Unity.Timeline.csproj", "{C0E1B553-23A5-137C-FBD5-133CA75F89BD}"
EndProject
Project("{FAE04EC0-301F-11D3-BF4B-00C04F79EFBC}") = "Unity.RenderPipelines.GPUDriven.Runtime", "Unity.RenderPipelines.GPUDriven.Runtime.csproj", "{96115899-210B-2A3D-4B79-FB8BD4367B2E}"
EndProject
Project("{FAE04EC0-301F-11D3-BF4B-00C04F79EFBC}") = "Unity.PlasticSCM.Editor", "Unity.PlasticSCM.Editor.csproj", "{36FEFAE8-2061-4AD7-33C7-BE5C87183C36}"
EndProject
Project("{FAE04EC0-301F-11D3-BF4B-00C04F79EFBC}") = "Unity.ShaderGraph.Editor", "Unity.ShaderGraph.Editor.csproj", "{660BE10B-F270-E865-396F-7A44EFACA171}"
EndProject
Project("{FAE04EC0-301F-11D3-BF4B-00C04F79EFBC}") = "Unity.RenderPipelines.Core.Runtime", "Unity.RenderPipelines.Core.Runtime.csproj", "{B252660C-8809-70D5-723A-A11F0188A6F7}"
EndProject
Project("{FAE04EC0-301F-11D3-BF4B-00C04F79EFBC}") = "Unity.Mathematics", "Unity.Mathematics.csproj", "{46BDAE12-4BA1-0B08-C47D-DA5080AE4C46}"
EndProject
Project("{FAE04EC0-301F-11D3-BF4B-00C04F79EFBC}") = "Unity.Timeline.Editor", "Unity.Timeline.Editor.csproj", "{E1F62400-F55B-16BF-911F-3697FFB18AD7}"
EndProject
Project("{FAE04EC0-301F-11D3-BF4B-00C04F79EFBC}") = "Unity.Multiplayer.Center.Editor", "Unity.Multiplayer.Center.Editor.csproj", "{F393638C-5D23-5345-CD25-247BA0D24DE5}"
EndProject
Project("{FAE04EC0-301F-11D3-BF4B-00C04F79EFBC}") = "Unity.RenderPipelines.Core.Editor", "Unity.RenderPipelines.Core.Editor.csproj", "{2C558E32-DE00-5E28-F191-B281791F605D}"
EndProject
Project("{FAE04EC0-301F-11D3-BF4B-00C04F79EFBC}") = "Unity.Collections", "Unity.Collections.csproj", "{642D4376-35BD-177A-D290-D4EEC1D1148D}"
EndProject
Project("{FAE04EC0-301F-11D3-BF4B-00C04F79EFBC}") = "UnityEngine.UI", "UnityEngine.UI.csproj", "{05C6C864-F4DD-F14A-C0B7-CAB3D9B580FB}"
EndProject
Project("{FAE04EC0-301F-11D3-BF4B-00C04F79EFBC}") = "Unity.RenderPipelines.Universal.2D.Runtime", "Unity.RenderPipelines.Universal.2D.Runtime.csproj", "{5AC6FDFF-47DA-AE6E-B1C0-048C6732F2EB}"
EndProject
Project("{FAE04EC0-301F-11D3-BF4B-00C04F79EFBC}") = "Unity.VisualScripting.Core.Editor", "Unity.VisualScripting.Core.Editor.csproj", "{3417F2D5-DAA3-329A-CACF-02054C17613A}"
EndProject
Project("{FAE04EC0-301F-11D3-BF4B-00C04F79EFBC}") = "Unity.RenderPipelines.Universal.Editor", "Unity.RenderPipelines.Universal.Editor.csproj", "{BFD7A134-B4AC-7B27-D616-E48639478ECB}"
EndProject
Project("{FAE04EC0-301F-11D3-BF4B-00C04F79EFBC}") = "Unity.PerformanceTesting.Editor", "Unity.PerformanceTesting.Editor.csproj", "{D1195FA2-4211-5F90-1ECD-85F2229B4FA1}"
EndProject
Project("{FAE04EC0-301F-11D3-BF4B-00C04F79EFBC}") = "UnityEngine.TestRunner", "UnityEngine.TestRunner.csproj", "{2285B05F-7A00-B73C-2CF4-9F99519E190C}"
EndProject
Project("{FAE04EC0-301F-11D3-BF4B-00C04F79EFBC}") = "Unity.Burst", "Unity.Burst.csproj", "{A44123F1-FE2B-CD60-AB92-C335C06F3E15}"
EndProject
Project("{FAE04EC0-301F-11D3-BF4B-00C04F79EFBC}") = "Unity.VisualScripting.Flow.Editor", "Unity.VisualScripting.Flow.Editor.csproj", "{E894048A-08F0-434E-683F-815557B0564A}"
EndProject
Project("{FAE04EC0-301F-11D3-BF4B-00C04F79EFBC}") = "Unity.VisualStudio.Editor", "Unity.VisualStudio.Editor.csproj", "{AF550FE8-8754-861A-BA34-9D02B1BE1ECA}"
EndProject
Project("{FAE04EC0-301F-11D3-BF4B-00C04F79EFBC}") = "Unity.InputSystem", "Unity.InputSystem.csproj", "{0284F51B-A820-C9CC-02C5-C0E781ACDD9E}"
EndProject
Project("{FAE04EC0-301F-11D3-BF4B-00C04F79EFBC}") = "PPv2URPConverters", "PPv2URPConverters.csproj", "{4C014A67-67E2-9BFC-C145-F617DBCF7188}"
EndProject
Project("{FAE04EC0-301F-11D3-BF4B-00C04F79EFBC}") = "Unity.Searcher.Editor", "Unity.Searcher.Editor.csproj", "{05F8B8B1-61CF-0AC5-3B3A-D0142EE26D31}"
EndProject
Project("{FAE04EC0-301F-11D3-BF4B-00C04F79EFBC}") = "UnityEditor.TestRunner", "UnityEditor.TestRunner.csproj", "{EB640993-496D-C728-85D2-88D4B605FC73}"
EndProject
Project("{FAE04EC0-301F-11D3-BF4B-00C04F79EFBC}") = "Unity.VisualScripting.Core", "Unity.VisualScripting.Core.csproj", "{5A537A09-FE05-DA0F-95C2-1B10718F04A3}"
EndProject
Project("{FAE04EC0-301F-11D3-BF4B-00C04F79EFBC}") = "Unity.RenderPipelines.Universal.Runtime", "Unity.RenderPipelines.Universal.Runtime.csproj", "{A6C0A012-0969-6367-0E55-1D374D842B0B}"
EndProject
Project("{FAE04EC0-301F-11D3-BF4B-00C04F79EFBC}") = "Unity.CollabProxy.Editor", "Unity.CollabProxy.Editor.csproj", "{1E721DCE-B3D0-5675-B250-4413CDBC265F}"
EndProject
Project("{FAE04EC0-301F-11D3-BF4B-00C04F79EFBC}") = "Unity.AI.Navigation.Editor.ConversionSystem", "Unity.AI.Navigation.Editor.ConversionSystem.csproj", "{7C98D22F-D27B-70DF-5081-68B33991200A}"
EndProject
Project("{FAE04EC0-301F-11D3-BF4B-00C04F79EFBC}") = "Unity.VisualScripting.State.Editor", "Unity.VisualScripting.State.Editor.csproj", "{3C070547-1526-33CC-8793-2BDBCDDE0F1A}"
EndProject
Project("{FAE04EC0-301F-11D3-BF4B-00C04F79EFBC}") = "Unity.Burst.CodeGen", "Unity.Burst.CodeGen.csproj", "{B59F1938-1457-C6C7-D7DB-DBC6D560B636}"
EndProject
Project("{FAE04EC0-301F-11D3-BF4B-00C04F79EFBC}") = "Assembly-CSharp", "Assembly-CSharp.csproj", "{9C455711-8E64-3DA6-5D48-52D51AEB0156}"
EndProject
Project("{FAE04EC0-301F-11D3-BF4B-00C04F79EFBC}") = "Unity.VisualScripting.Flow", "Unity.VisualScripting.Flow.csproj", "{9A36A018-36B9-1C59-95B2-4626846F7DE8}"
EndProject
Project("{FAE04EC0-301F-11D3-BF4B-00C04F79EFBC}") = "Unity.PerformanceTesting", "Unity.PerformanceTesting.csproj", "{9E113E39-BC28-9722-08EF-5EF529149917}"
EndProject
Project("{FAE04EC0-301F-11D3-BF4B-00C04F79EFBC}") = "Unity.TextMeshPro", "Unity.TextMeshPro.csproj", "{CB9F9F1C-FD10-40CF-E06A-87C4A197EAF0}"
EndProject
Project("{FAE04EC0-301F-11D3-BF4B-00C04F79EFBC}") = "Unity.TextMeshPro.Editor", "Unity.TextMeshPro.Editor.csproj", "{8EB31E56-6032-9DBA-5133-C29885E0DDD8}"
EndProject
Project("{FAE04EC0-301F-11D3-BF4B-00C04F79EFBC}") = "Unity.Rendering.LightTransport.Runtime", "Unity.Rendering.LightTransport.Runtime.csproj", "{3C15DFED-5F8E-87CD-00C4-DB0C4DF621EB}"
EndProject
Project("{FAE04EC0-301F-11D3-BF4B-00C04F79EFBC}") = "Unity.Burst.Editor", "Unity.Burst.Editor.csproj", "{CE0BF4B5-9767-AAD1-CB90-470C5C4B749D}"
EndProject
Project("{FAE04EC0-301F-11D3-BF4B-00C04F79EFBC}") = "Unity.Rider.Editor", "Unity.Rider.Editor.csproj", "{F0C3B91B-4E71-97C0-F182-9ED68B840DB2}"
EndProject
Project("{FAE04EC0-301F-11D3-BF4B-00C04F79EFBC}") = "Unity.VisualScripting.State", "Unity.VisualScripting.State.csproj", "{061D72EC-88C0-A5FE-58E9-E6C45B79B5E3}"
EndProject
Project("{FAE04EC0-301F-11D3-BF4B-00C04F79EFBC}") = "Unity.AI.Navigation.Updater", "Unity.AI.Navigation.Updater.csproj", "{3CCFB0A0-FEC0-14CB-45E0-15C690E30592}"
EndProject
Project("{FAE04EC0-301F-11D3-BF4B-00C04F79EFBC}") = "UnityEditor.UI", "UnityEditor.UI.csproj", "{587CF0C5-A407-3DA2-D92B-A82813DE2C85}"
EndProject
Project("{FAE04EC0-301F-11D3-BF4B-00C04F79EFBC}") = "Unity.AI.Navigation.Editor", "Unity.AI.Navigation.Editor.csproj", "{4836D34C-2052-B1E1-082A-C462CEDC60E5}"
EndProject
Project("{FAE04EC0-301F-11D3-BF4B-00C04F79EFBC}") = "Unity.Multiplayer.Center.Common", "Unity.Multiplayer.Center.Common.csproj", "{E91478A2-4A84-8DB5-2B4E-67B9B8999AA0}"
EndProject
Project("{FAE04EC0-301F-11D3-BF4B-00C04F79EFBC}") = "Unity.InputSystem.ForUI", "Unity.InputSystem.ForUI.csproj", "{154FE702-2468-E77E-D451-47B89BB16300}"
EndProject
Project("{FAE04EC0-301F-11D3-BF4B-00C04F79EFBC}") = "Unity.AI.Navigation", "Unity.AI.Navigation.csproj", "{8544F44A-BDBF-111E-3F4A-2A382D53F65B}"
EndProject
Project("{FAE04EC0-301F-11D3-BF4B-00C04F79EFBC}") = "Unity.Collections.CodeGen", "Unity.Collections.CodeGen.csproj", "{18AA701E-3AB9-C332-5644-B2BF3AE8AC2E}"
EndProject
Project("{FAE04EC0-301F-11D3-BF4B-00C04F79EFBC}") = "Unity.Mathematics.Editor", "Unity.Mathematics.Editor.csproj", "{7BA81FDA-3AD5-BE33-50AC-7DBBD6A8A4B6}"
EndProject
Project("{FAE04EC0-301F-11D3-BF4B-00C04F79EFBC}") = "Unity.VisualScripting.SettingsProvider.Editor", "Unity.VisualScripting.SettingsProvider.Editor.csproj", "{DB4D580C-2466-EFC4-0924-D52576D65C23}"
EndProject
Project("{FAE04EC0-301F-11D3-BF4B-00C04F79EFBC}") = "Assembly-CSharp-Editor", "Assembly-CSharp-Editor.csproj", "{2DC1FA37-6352-9517-819C-339EAF2AC797}"
EndProject
Project("{FAE04EC0-301F-11D3-BF4B-00C04F79EFBC}") = "Unity.InputSystem.TestFramework", "Unity.InputSystem.TestFramework.csproj", "{EDF22F03-D651-E4D0-1025-3B62035F9504}"
EndProject
Project("{FAE04EC0-301F-11D3-BF4B-00C04F79EFBC}") = "Unity.ShaderGraph.Utilities", "Unity.ShaderGraph.Utilities.csproj", "{8F3C52B5-138B-6920-7297-55F10D22DFD7}"
EndProject
Project("{FAE04EC0-301F-11D3-BF4B-00C04F79EFBC}") = "Unity.VisualScripting.Shared.Editor", "Unity.VisualScripting.Shared.Editor.csproj", "{0D2FD685-5D11-C96F-2FE7-9FE0426CA9F4}"
EndProject
Project("{FAE04EC0-301F-11D3-BF4B-00C04F79EFBC}") = "Unity.RenderPipeline.Universal.ShaderLibrary", "Unity.RenderPipeline.Universal.ShaderLibrary.csproj", "{9AFAABE8-73F6-8997-8227-EC8B341658E5}"
EndProject
Project("{FAE04EC0-301F-11D3-BF4B-00C04F79EFBC}") = "Unity.Rendering.LightTransport.Editor", "Unity.Rendering.LightTransport.Editor.csproj", "{BDE57FCF-CDC6-CE30-7F13-F46AC44960D6}"
EndProject
Project("{FAE04EC0-301F-11D3-BF4B-00C04F79EFBC}") = "Unity.InputSystem.DocCodeSamples", "Unity.InputSystem.DocCodeSamples.csproj", "{D4A8D335-E89C-5F9A-B5D1-2F703931D482}"
EndProject
Project("{FAE04EC0-301F-11D3-BF4B-00C04F79EFBC}") = "Unity.RenderPipelines.Universal.Shaders", "Unity.RenderPipelines.Universal.Shaders.csproj", "{B9B9B94B-A497-6D1D-11B5-6AA2127B5B98}"
EndProject
Project("{FAE04EC0-301F-11D3-BF4B-00C04F79EFBC}") = "Unity.RenderPipelines.Core.Runtime.Shared", "Unity.RenderPipelines.Core.Runtime.Shared.csproj", "{89170765-D884-90FE-E882-880E22345DE1}"
EndProject
Project("{FAE04EC0-301F-11D3-BF4B-00C04F79EFBC}") = "Unity.PlasticSCM.Editor.Entities", "Unity.PlasticSCM.Editor.Entities.csproj", "{8C1968C0-49B7-BBDA-D31D-A0BBA9BC90B8}"
EndProject
Project("{FAE04EC0-301F-11D3-BF4B-00C04F79EFBC}") = "Unity.Collections.Editor", "Unity.Collections.Editor.csproj", "{D39F8130-AC99-FF8D-14CC-454E8324CE89}"
EndProject
Project("{FAE04EC0-301F-11D3-BF4B-00C04F79EFBC}") = "Unity.RenderPipelines.Universal.Config.Runtime", "Unity.RenderPipelines.Universal.Config.Runtime.csproj", "{EA56C133-C551-C3C9-27C6-C1E40626B503}"
EndProject
Project("{FAE04EC0-301F-11D3-BF4B-00C04F79EFBC}") = "Unity.RenderPipelines.ShaderGraph.ShaderGraphLibrary", "Unity.RenderPipelines.ShaderGraph.ShaderGraphLibrary.csproj", "{AB5AA838-105E-2FB4-AD8F-9FAB1679A63B}"
EndProject
Project("{FAE04EC0-301F-11D3-BF4B-00C04F79EFBC}") = "Unity.RenderPipelines.Core.ShaderLibrary", "Unity.RenderPipelines.Core.ShaderLibrary.csproj", "{30776CCD-45E7-296D-9A63-F6A44EAE6607}"
EndProject
Project("{FAE04EC0-301F-11D3-BF4B-00C04F79EFBC}") = "Unity.RenderPipelines.Core.Editor.Shared", "Unity.RenderPipelines.Core.Editor.Shared.csproj", "{78EB9211-FCBE-8633-265B-B14244D6FCFF}"
EndProject
Global
	GlobalSection(SolutionConfigurationPlatforms) = preSolution
		Debug|Any CPU = Debug|Any CPU
		Release|Any CPU = Release|Any CPU
	EndGlobalSection
	GlobalSection(ProjectConfigurationPlatforms) = postSolution
		{C0E1B553-23A5-137C-FBD5-133CA75F89BD}.Debug|Any CPU.ActiveCfg = Debug|Any CPU
		{C0E1B553-23A5-137C-FBD5-133CA75F89BD}.Debug|Any CPU.Build.0 = Debug|Any CPU
		{C0E1B553-23A5-137C-FBD5-133CA75F89BD}.Release|Any CPU.ActiveCfg = Release|Any CPU
		{C0E1B553-23A5-137C-FBD5-133CA75F89BD}.Release|Any CPU.Build.0 = Release|Any CPU
		{96115899-210B-2A3D-4B79-FB8BD4367B2E}.Debug|Any CPU.ActiveCfg = Debug|Any CPU
		{96115899-210B-2A3D-4B79-FB8BD4367B2E}.Debug|Any CPU.Build.0 = Debug|Any CPU
		{96115899-210B-2A3D-4B79-FB8BD4367B2E}.Release|Any CPU.ActiveCfg = Release|Any CPU
		{96115899-210B-2A3D-4B79-FB8BD4367B2E}.Release|Any CPU.Build.0 = Release|Any CPU
		{36FEFAE8-2061-4AD7-33C7-BE5C87183C36}.Debug|Any CPU.ActiveCfg = Debug|Any CPU
		{36FEFAE8-2061-4AD7-33C7-BE5C87183C36}.Debug|Any CPU.Build.0 = Debug|Any CPU
		{36FEFAE8-2061-4AD7-33C7-BE5C87183C36}.Release|Any CPU.ActiveCfg = Release|Any CPU
		{36FEFAE8-2061-4AD7-33C7-BE5C87183C36}.Release|Any CPU.Build.0 = Release|Any CPU
		{660BE10B-F270-E865-396F-7A44EFACA171}.Debug|Any CPU.ActiveCfg = Debug|Any CPU
		{660BE10B-F270-E865-396F-7A44EFACA171}.Debug|Any CPU.Build.0 = Debug|Any CPU
		{660BE10B-F270-E865-396F-7A44EFACA171}.Release|Any CPU.ActiveCfg = Release|Any CPU
		{660BE10B-F270-E865-396F-7A44EFACA171}.Release|Any CPU.Build.0 = Release|Any CPU
		{B252660C-8809-70D5-723A-A11F0188A6F7}.Debug|Any CPU.ActiveCfg = Debug|Any CPU
		{B252660C-8809-70D5-723A-A11F0188A6F7}.Debug|Any CPU.Build.0 = Debug|Any CPU
		{B252660C-8809-70D5-723A-A11F0188A6F7}.Release|Any CPU.ActiveCfg = Release|Any CPU
		{B252660C-8809-70D5-723A-A11F0188A6F7}.Release|Any CPU.Build.0 = Release|Any CPU
		{46BDAE12-4BA1-0B08-C47D-DA5080AE4C46}.Debug|Any CPU.ActiveCfg = Debug|Any CPU
		{46BDAE12-4BA1-0B08-C47D-DA5080AE4C46}.Debug|Any CPU.Build.0 = Debug|Any CPU
		{46BDAE12-4BA1-0B08-C47D-DA5080AE4C46}.Release|Any CPU.ActiveCfg = Release|Any CPU
		{46BDAE12-4BA1-0B08-C47D-DA5080AE4C46}.Release|Any CPU.Build.0 = Release|Any CPU
		{E1F62400-F55B-16BF-911F-3697FFB18AD7}.Debug|Any CPU.ActiveCfg = Debug|Any CPU
		{E1F62400-F55B-16BF-911F-3697FFB18AD7}.Debug|Any CPU.Build.0 = Debug|Any CPU
		{E1F62400-F55B-16BF-911F-3697FFB18AD7}.Release|Any CPU.ActiveCfg = Release|Any CPU
		{E1F62400-F55B-16BF-911F-3697FFB18AD7}.Release|Any CPU.Build.0 = Release|Any CPU
		{F393638C-5D23-5345-CD25-247BA0D24DE5}.Debug|Any CPU.ActiveCfg = Debug|Any CPU
		{F393638C-5D23-5345-CD25-247BA0D24DE5}.Debug|Any CPU.Build.0 = Debug|Any CPU
		{F393638C-5D23-5345-CD25-247BA0D24DE5}.Release|Any CPU.ActiveCfg = Release|Any CPU
		{F393638C-5D23-5345-CD25-247BA0D24DE5}.Release|Any CPU.Build.0 = Release|Any CPU
		{2C558E32-DE00-5E28-F191-B281791F605D}.Debug|Any CPU.ActiveCfg = Debug|Any CPU
		{2C558E32-DE00-5E28-F191-B281791F605D}.Debug|Any CPU.Build.0 = Debug|Any CPU
		{2C558E32-DE00-5E28-F191-B281791F605D}.Release|Any CPU.ActiveCfg = Release|Any CPU
		{2C558E32-DE00-5E28-F191-B281791F605D}.Release|Any CPU.Build.0 = Release|Any CPU
		{642D4376-35BD-177A-D290-D4EEC1D1148D}.Debug|Any CPU.ActiveCfg = Debug|Any CPU
		{642D4376-35BD-177A-D290-D4EEC1D1148D}.Debug|Any CPU.Build.0 = Debug|Any CPU
		{642D4376-35BD-177A-D290-D4EEC1D1148D}.Release|Any CPU.ActiveCfg = Release|Any CPU
		{642D4376-35BD-177A-D290-D4EEC1D1148D}.Release|Any CPU.Build.0 = Release|Any CPU
		{05C6C864-F4DD-F14A-C0B7-CAB3D9B580FB}.Debug|Any CPU.ActiveCfg = Debug|Any CPU
		{05C6C864-F4DD-F14A-C0B7-CAB3D9B580FB}.Debug|Any CPU.Build.0 = Debug|Any CPU
		{05C6C864-F4DD-F14A-C0B7-CAB3D9B580FB}.Release|Any CPU.ActiveCfg = Release|Any CPU
		{05C6C864-F4DD-F14A-C0B7-CAB3D9B580FB}.Release|Any CPU.Build.0 = Release|Any CPU
		{5AC6FDFF-47DA-AE6E-B1C0-048C6732F2EB}.Debug|Any CPU.ActiveCfg = Debug|Any CPU
		{5AC6FDFF-47DA-AE6E-B1C0-048C6732F2EB}.Debug|Any CPU.Build.0 = Debug|Any CPU
		{5AC6FDFF-47DA-AE6E-B1C0-048C6732F2EB}.Release|Any CPU.ActiveCfg = Release|Any CPU
		{5AC6FDFF-47DA-AE6E-B1C0-048C6732F2EB}.Release|Any CPU.Build.0 = Release|Any CPU
		{3417F2D5-DAA3-329A-CACF-02054C17613A}.Debug|Any CPU.ActiveCfg = Debug|Any CPU
		{3417F2D5-DAA3-329A-CACF-02054C17613A}.Debug|Any CPU.Build.0 = Debug|Any CPU
		{3417F2D5-DAA3-329A-CACF-02054C17613A}.Release|Any CPU.ActiveCfg = Release|Any CPU
		{3417F2D5-DAA3-329A-CACF-02054C17613A}.Release|Any CPU.Build.0 = Release|Any CPU
		{BFD7A134-B4AC-7B27-D616-E48639478ECB}.Debug|Any CPU.ActiveCfg = Debug|Any CPU
		{BFD7A134-B4AC-7B27-D616-E48639478ECB}.Debug|Any CPU.Build.0 = Debug|Any CPU
		{BFD7A134-B4AC-7B27-D616-E48639478ECB}.Release|Any CPU.ActiveCfg = Release|Any CPU
		{BFD7A134-B4AC-7B27-D616-E48639478ECB}.Release|Any CPU.Build.0 = Release|Any CPU
		{D1195FA2-4211-5F90-1ECD-85F2229B4FA1}.Debug|Any CPU.ActiveCfg = Debug|Any CPU
		{D1195FA2-4211-5F90-1ECD-85F2229B4FA1}.Debug|Any CPU.Build.0 = Debug|Any CPU
		{D1195FA2-4211-5F90-1ECD-85F2229B4FA1}.Release|Any CPU.ActiveCfg = Release|Any CPU
		{D1195FA2-4211-5F90-1ECD-85F2229B4FA1}.Release|Any CPU.Build.0 = Release|Any CPU
		{2285B05F-7A00-B73C-2CF4-9F99519E190C}.Debug|Any CPU.ActiveCfg = Debug|Any CPU
		{2285B05F-7A00-B73C-2CF4-9F99519E190C}.Debug|Any CPU.Build.0 = Debug|Any CPU
		{2285B05F-7A00-B73C-2CF4-9F99519E190C}.Release|Any CPU.ActiveCfg = Release|Any CPU
		{2285B05F-7A00-B73C-2CF4-9F99519E190C}.Release|Any CPU.Build.0 = Release|Any CPU
		{A44123F1-FE2B-CD60-AB92-C335C06F3E15}.Debug|Any CPU.ActiveCfg = Debug|Any CPU
		{A44123F1-FE2B-CD60-AB92-C335C06F3E15}.Debug|Any CPU.Build.0 = Debug|Any CPU
		{A44123F1-FE2B-CD60-AB92-C335C06F3E15}.Release|Any CPU.ActiveCfg = Release|Any CPU
		{A44123F1-FE2B-CD60-AB92-C335C06F3E15}.Release|Any CPU.Build.0 = Release|Any CPU
		{E894048A-08F0-434E-683F-815557B0564A}.Debug|Any CPU.ActiveCfg = Debug|Any CPU
		{E894048A-08F0-434E-683F-815557B0564A}.Debug|Any CPU.Build.0 = Debug|Any CPU
		{E894048A-08F0-434E-683F-815557B0564A}.Release|Any CPU.ActiveCfg = Release|Any CPU
		{E894048A-08F0-434E-683F-815557B0564A}.Release|Any CPU.Build.0 = Release|Any CPU
		{AF550FE8-8754-861A-BA34-9D02B1BE1ECA}.Debug|Any CPU.ActiveCfg = Debug|Any CPU
		{AF550FE8-8754-861A-BA34-9D02B1BE1ECA}.Debug|Any CPU.Build.0 = Debug|Any CPU
		{AF550FE8-8754-861A-BA34-9D02B1BE1ECA}.Release|Any CPU.ActiveCfg = Release|Any CPU
		{AF550FE8-8754-861A-BA34-9D02B1BE1ECA}.Release|Any CPU.Build.0 = Release|Any CPU
		{0284F51B-A820-C9CC-02C5-C0E781ACDD9E}.Debug|Any CPU.ActiveCfg = Debug|Any CPU
		{0284F51B-A820-C9CC-02C5-C0E781ACDD9E}.Debug|Any CPU.Build.0 = Debug|Any CPU
		{0284F51B-A820-C9CC-02C5-C0E781ACDD9E}.Release|Any CPU.ActiveCfg = Release|Any CPU
		{0284F51B-A820-C9CC-02C5-C0E781ACDD9E}.Release|Any CPU.Build.0 = Release|Any CPU
		{4C014A67-67E2-9BFC-C145-F617DBCF7188}.Debug|Any CPU.ActiveCfg = Debug|Any CPU
		{4C014A67-67E2-9BFC-C145-F617DBCF7188}.Debug|Any CPU.Build.0 = Debug|Any CPU
		{4C014A67-67E2-9BFC-C145-F617DBCF7188}.Release|Any CPU.ActiveCfg = Release|Any CPU
		{4C014A67-67E2-9BFC-C145-F617DBCF7188}.Release|Any CPU.Build.0 = Release|Any CPU
		{05F8B8B1-61CF-0AC5-3B3A-D0142EE26D31}.Debug|Any CPU.ActiveCfg = Debug|Any CPU
		{05F8B8B1-61CF-0AC5-3B3A-D0142EE26D31}.Debug|Any CPU.Build.0 = Debug|Any CPU
		{05F8B8B1-61CF-0AC5-3B3A-D0142EE26D31}.Release|Any CPU.ActiveCfg = Release|Any CPU
		{05F8B8B1-61CF-0AC5-3B3A-D0142EE26D31}.Release|Any CPU.Build.0 = Release|Any CPU
		{EB640993-496D-C728-85D2-88D4B605FC73}.Debug|Any CPU.ActiveCfg = Debug|Any CPU
		{EB640993-496D-C728-85D2-88D4B605FC73}.Debug|Any CPU.Build.0 = Debug|Any CPU
		{EB640993-496D-C728-85D2-88D4B605FC73}.Release|Any CPU.ActiveCfg = Release|Any CPU
		{EB640993-496D-C728-85D2-88D4B605FC73}.Release|Any CPU.Build.0 = Release|Any CPU
		{5A537A09-FE05-DA0F-95C2-1B10718F04A3}.Debug|Any CPU.ActiveCfg = Debug|Any CPU
		{5A537A09-FE05-DA0F-95C2-1B10718F04A3}.Debug|Any CPU.Build.0 = Debug|Any CPU
		{5A537A09-FE05-DA0F-95C2-1B10718F04A3}.Release|Any CPU.ActiveCfg = Release|Any CPU
		{5A537A09-FE05-DA0F-95C2-1B10718F04A3}.Release|Any CPU.Build.0 = Release|Any CPU
		{A6C0A012-0969-6367-0E55-1D374D842B0B}.Debug|Any CPU.ActiveCfg = Debug|Any CPU
		{A6C0A012-0969-6367-0E55-1D374D842B0B}.Debug|Any CPU.Build.0 = Debug|Any CPU
		{A6C0A012-0969-6367-0E55-1D374D842B0B}.Release|Any CPU.ActiveCfg = Release|Any CPU
		{A6C0A012-0969-6367-0E55-1D374D842B0B}.Release|Any CPU.Build.0 = Release|Any CPU
		{1E721DCE-B3D0-5675-B250-4413CDBC265F}.Debug|Any CPU.ActiveCfg = Debug|Any CPU
		{1E721DCE-B3D0-5675-B250-4413CDBC265F}.Debug|Any CPU.Build.0 = Debug|Any CPU
		{1E721DCE-B3D0-5675-B250-4413CDBC265F}.Release|Any CPU.ActiveCfg = Release|Any CPU
		{1E721DCE-B3D0-5675-B250-4413CDBC265F}.Release|Any CPU.Build.0 = Release|Any CPU
		{7C98D22F-D27B-70DF-5081-68B33991200A}.Debug|Any CPU.ActiveCfg = Debug|Any CPU
		{7C98D22F-D27B-70DF-5081-68B33991200A}.Debug|Any CPU.Build.0 = Debug|Any CPU
		{7C98D22F-D27B-70DF-5081-68B33991200A}.Release|Any CPU.ActiveCfg = Release|Any CPU
		{7C98D22F-D27B-70DF-5081-68B33991200A}.Release|Any CPU.Build.0 = Release|Any CPU
		{3C070547-1526-33CC-8793-2BDBCDDE0F1A}.Debug|Any CPU.ActiveCfg = Debug|Any CPU
		{3C070547-1526-33CC-8793-2BDBCDDE0F1A}.Debug|Any CPU.Build.0 = Debug|Any CPU
		{3C070547-1526-33CC-8793-2BDBCDDE0F1A}.Release|Any CPU.ActiveCfg = Release|Any CPU
		{3C070547-1526-33CC-8793-2BDBCDDE0F1A}.Release|Any CPU.Build.0 = Release|Any CPU
		{B59F1938-1457-C6C7-D7DB-DBC6D560B636}.Debug|Any CPU.ActiveCfg = Debug|Any CPU
		{B59F1938-1457-C6C7-D7DB-DBC6D560B636}.Debug|Any CPU.Build.0 = Debug|Any CPU
		{B59F1938-1457-C6C7-D7DB-DBC6D560B636}.Release|Any CPU.ActiveCfg = Release|Any CPU
		{B59F1938-1457-C6C7-D7DB-DBC6D560B636}.Release|Any CPU.Build.0 = Release|Any CPU
		{9C455711-8E64-3DA6-5D48-52D51AEB0156}.Debug|Any CPU.ActiveCfg = Debug|Any CPU
		{9C455711-8E64-3DA6-5D48-52D51AEB0156}.Debug|Any CPU.Build.0 = Debug|Any CPU
		{9C455711-8E64-3DA6-5D48-52D51AEB0156}.Release|Any CPU.ActiveCfg = Release|Any CPU
		{9C455711-8E64-3DA6-5D48-52D51AEB0156}.Release|Any CPU.Build.0 = Release|Any CPU
		{9A36A018-36B9-1C59-95B2-4626846F7DE8}.Debug|Any CPU.ActiveCfg = Debug|Any CPU
		{9A36A018-36B9-1C59-95B2-4626846F7DE8}.Debug|Any CPU.Build.0 = Debug|Any CPU
		{9A36A018-36B9-1C59-95B2-4626846F7DE8}.Release|Any CPU.ActiveCfg = Release|Any CPU
		{9A36A018-36B9-1C59-95B2-4626846F7DE8}.Release|Any CPU.Build.0 = Release|Any CPU
		{9E113E39-BC28-9722-08EF-5EF529149917}.Debug|Any CPU.ActiveCfg = Debug|Any CPU
		{9E113E39-BC28-9722-08EF-5EF529149917}.Debug|Any CPU.Build.0 = Debug|Any CPU
		{9E113E39-BC28-9722-08EF-5EF529149917}.Release|Any CPU.ActiveCfg = Release|Any CPU
		{9E113E39-BC28-9722-08EF-5EF529149917}.Release|Any CPU.Build.0 = Release|Any CPU
		{CB9F9F1C-FD10-40CF-E06A-87C4A197EAF0}.Debug|Any CPU.ActiveCfg = Debug|Any CPU
		{CB9F9F1C-FD10-40CF-E06A-87C4A197EAF0}.Debug|Any CPU.Build.0 = Debug|Any CPU
		{CB9F9F1C-FD10-40CF-E06A-87C4A197EAF0}.Release|Any CPU.ActiveCfg = Release|Any CPU
		{CB9F9F1C-FD10-40CF-E06A-87C4A197EAF0}.Release|Any CPU.Build.0 = Release|Any CPU
		{8EB31E56-6032-9DBA-5133-C29885E0DDD8}.Debug|Any CPU.ActiveCfg = Debug|Any CPU
		{8EB31E56-6032-9DBA-5133-C29885E0DDD8}.Debug|Any CPU.Build.0 = Debug|Any CPU
		{8EB31E56-6032-9DBA-5133-C29885E0DDD8}.Release|Any CPU.ActiveCfg = Release|Any CPU
		{8EB31E56-6032-9DBA-5133-C29885E0DDD8}.Release|Any CPU.Build.0 = Release|Any CPU
		{3C15DFED-5F8E-87CD-00C4-DB0C4DF621EB}.Debug|Any CPU.ActiveCfg = Debug|Any CPU
		{3C15DFED-5F8E-87CD-00C4-DB0C4DF621EB}.Debug|Any CPU.Build.0 = Debug|Any CPU
		{3C15DFED-5F8E-87CD-00C4-DB0C4DF621EB}.Release|Any CPU.ActiveCfg = Release|Any CPU
		{3C15DFED-5F8E-87CD-00C4-DB0C4DF621EB}.Release|Any CPU.Build.0 = Release|Any CPU
		{CE0BF4B5-9767-AAD1-CB90-470C5C4B749D}.Debug|Any CPU.ActiveCfg = Debug|Any CPU
		{CE0BF4B5-9767-AAD1-CB90-470C5C4B749D}.Debug|Any CPU.Build.0 = Debug|Any CPU
		{CE0BF4B5-9767-AAD1-CB90-470C5C4B749D}.Release|Any CPU.ActiveCfg = Release|Any CPU
		{CE0BF4B5-9767-AAD1-CB90-470C5C4B749D}.Release|Any CPU.Build.0 = Release|Any CPU
		{F0C3B91B-4E71-97C0-F182-9ED68B840DB2}.Debug|Any CPU.ActiveCfg = Debug|Any CPU
		{F0C3B91B-4E71-97C0-F182-9ED68B840DB2}.Debug|Any CPU.Build.0 = Debug|Any CPU
		{F0C3B91B-4E71-97C0-F182-9ED68B840DB2}.Release|Any CPU.ActiveCfg = Release|Any CPU
		{F0C3B91B-4E71-97C0-F182-9ED68B840DB2}.Release|Any CPU.Build.0 = Release|Any CPU
		{061D72EC-88C0-A5FE-58E9-E6C45B79B5E3}.Debug|Any CPU.ActiveCfg = Debug|Any CPU
		{061D72EC-88C0-A5FE-58E9-E6C45B79B5E3}.Debug|Any CPU.Build.0 = Debug|Any CPU
		{061D72EC-88C0-A5FE-58E9-E6C45B79B5E3}.Release|Any CPU.ActiveCfg = Release|Any CPU
		{061D72EC-88C0-A5FE-58E9-E6C45B79B5E3}.Release|Any CPU.Build.0 = Release|Any CPU
		{3CCFB0A0-FEC0-14CB-45E0-15C690E30592}.Debug|Any CPU.ActiveCfg = Debug|Any CPU
		{3CCFB0A0-FEC0-14CB-45E0-15C690E30592}.Debug|Any CPU.Build.0 = Debug|Any CPU
		{3CCFB0A0-FEC0-14CB-45E0-15C690E30592}.Release|Any CPU.ActiveCfg = Release|Any CPU
		{3CCFB0A0-FEC0-14CB-45E0-15C690E30592}.Release|Any CPU.Build.0 = Release|Any CPU
		{587CF0C5-A407-3DA2-D92B-A82813DE2C85}.Debug|Any CPU.ActiveCfg = Debug|Any CPU
		{587CF0C5-A407-3DA2-D92B-A82813DE2C85}.Debug|Any CPU.Build.0 = Debug|Any CPU
		{587CF0C5-A407-3DA2-D92B-A82813DE2C85}.Release|Any CPU.ActiveCfg = Release|Any CPU
		{587CF0C5-A407-3DA2-D92B-A82813DE2C85}.Release|Any CPU.Build.0 = Release|Any CPU
		{4836D34C-2052-B1E1-082A-C462CEDC60E5}.Debug|Any CPU.ActiveCfg = Debug|Any CPU
		{4836D34C-2052-B1E1-082A-C462CEDC60E5}.Debug|Any CPU.Build.0 = Debug|Any CPU
		{4836D34C-2052-B1E1-082A-C462CEDC60E5}.Release|Any CPU.ActiveCfg = Release|Any CPU
		{4836D34C-2052-B1E1-082A-C462CEDC60E5}.Release|Any CPU.Build.0 = Release|Any CPU
		{E91478A2-4A84-8DB5-2B4E-67B9B8999AA0}.Debug|Any CPU.ActiveCfg = Debug|Any CPU
		{E91478A2-4A84-8DB5-2B4E-67B9B8999AA0}.Debug|Any CPU.Build.0 = Debug|Any CPU
		{E91478A2-4A84-8DB5-2B4E-67B9B8999AA0}.Release|Any CPU.ActiveCfg = Release|Any CPU
		{E91478A2-4A84-8DB5-2B4E-67B9B8999AA0}.Release|Any CPU.Build.0 = Release|Any CPU
		{154FE702-2468-E77E-D451-47B89BB16300}.Debug|Any CPU.ActiveCfg = Debug|Any CPU
		{154FE702-2468-E77E-D451-47B89BB16300}.Debug|Any CPU.Build.0 = Debug|Any CPU
		{154FE702-2468-E77E-D451-47B89BB16300}.Release|Any CPU.ActiveCfg = Release|Any CPU
		{154FE702-2468-E77E-D451-47B89BB16300}.Release|Any CPU.Build.0 = Release|Any CPU
		{8544F44A-BDBF-111E-3F4A-2A382D53F65B}.Debug|Any CPU.ActiveCfg = Debug|Any CPU
		{8544F44A-BDBF-111E-3F4A-2A382D53F65B}.Debug|Any CPU.Build.0 = Debug|Any CPU
		{8544F44A-BDBF-111E-3F4A-2A382D53F65B}.Release|Any CPU.ActiveCfg = Release|Any CPU
		{8544F44A-BDBF-111E-3F4A-2A382D53F65B}.Release|Any CPU.Build.0 = Release|Any CPU
		{18AA701E-3AB9-C332-5644-B2BF3AE8AC2E}.Debug|Any CPU.ActiveCfg = Debug|Any CPU
		{18AA701E-3AB9-C332-5644-B2BF3AE8AC2E}.Debug|Any CPU.Build.0 = Debug|Any CPU
		{18AA701E-3AB9-C332-5644-B2BF3AE8AC2E}.Release|Any CPU.ActiveCfg = Release|Any CPU
		{18AA701E-3AB9-C332-5644-B2BF3AE8AC2E}.Release|Any CPU.Build.0 = Release|Any CPU
		{7BA81FDA-3AD5-BE33-50AC-7DBBD6A8A4B6}.Debug|Any CPU.ActiveCfg = Debug|Any CPU
		{7BA81FDA-3AD5-BE33-50AC-7DBBD6A8A4B6}.Debug|Any CPU.Build.0 = Debug|Any CPU
		{7BA81FDA-3AD5-BE33-50AC-7DBBD6A8A4B6}.Release|Any CPU.ActiveCfg = Release|Any CPU
		{7BA81FDA-3AD5-BE33-50AC-7DBBD6A8A4B6}.Release|Any CPU.Build.0 = Release|Any CPU
		{DB4D580C-2466-EFC4-0924-D52576D65C23}.Debug|Any CPU.ActiveCfg = Debug|Any CPU
		{DB4D580C-2466-EFC4-0924-D52576D65C23}.Debug|Any CPU.Build.0 = Debug|Any CPU
		{DB4D580C-2466-EFC4-0924-D52576D65C23}.Release|Any CPU.ActiveCfg = Release|Any CPU
		{DB4D580C-2466-EFC4-0924-D52576D65C23}.Release|Any CPU.Build.0 = Release|Any CPU
		{2DC1FA37-6352-9517-819C-339EAF2AC797}.Debug|Any CPU.ActiveCfg = Debug|Any CPU
		{2DC1FA37-6352-9517-819C-339EAF2AC797}.Debug|Any CPU.Build.0 = Debug|Any CPU
		{2DC1FA37-6352-9517-819C-339EAF2AC797}.Release|Any CPU.ActiveCfg = Release|Any CPU
		{2DC1FA37-6352-9517-819C-339EAF2AC797}.Release|Any CPU.Build.0 = Release|Any CPU
		{EDF22F03-D651-E4D0-1025-3B62035F9504}.Debug|Any CPU.ActiveCfg = Debug|Any CPU
		{EDF22F03-D651-E4D0-1025-3B62035F9504}.Debug|Any CPU.Build.0 = Debug|Any CPU
		{EDF22F03-D651-E4D0-1025-3B62035F9504}.Release|Any CPU.ActiveCfg = Release|Any CPU
		{EDF22F03-D651-E4D0-1025-3B62035F9504}.Release|Any CPU.Build.0 = Release|Any CPU
		{8F3C52B5-138B-6920-7297-55F10D22DFD7}.Debug|Any CPU.ActiveCfg = Debug|Any CPU
		{8F3C52B5-138B-6920-7297-55F10D22DFD7}.Debug|Any CPU.Build.0 = Debug|Any CPU
		{8F3C52B5-138B-6920-7297-55F10D22DFD7}.Release|Any CPU.ActiveCfg = Release|Any CPU
		{8F3C52B5-138B-6920-7297-55F10D22DFD7}.Release|Any CPU.Build.0 = Release|Any CPU
		{0D2FD685-5D11-C96F-2FE7-9FE0426CA9F4}.Debug|Any CPU.ActiveCfg = Debug|Any CPU
		{0D2FD685-5D11-C96F-2FE7-9FE0426CA9F4}.Debug|Any CPU.Build.0 = Debug|Any CPU
		{0D2FD685-5D11-C96F-2FE7-9FE0426CA9F4}.Release|Any CPU.ActiveCfg = Release|Any CPU
		{0D2FD685-5D11-C96F-2FE7-9FE0426CA9F4}.Release|Any CPU.Build.0 = Release|Any CPU
		{9AFAABE8-73F6-8997-8227-EC8B341658E5}.Debug|Any CPU.ActiveCfg = Debug|Any CPU
		{9AFAABE8-73F6-8997-8227-EC8B341658E5}.Debug|Any CPU.Build.0 = Debug|Any CPU
		{9AFAABE8-73F6-8997-8227-EC8B341658E5}.Release|Any CPU.ActiveCfg = Release|Any CPU
		{9AFAABE8-73F6-8997-8227-EC8B341658E5}.Release|Any CPU.Build.0 = Release|Any CPU
		{BDE57FCF-CDC6-CE30-7F13-F46AC44960D6}.Debug|Any CPU.ActiveCfg = Debug|Any CPU
		{BDE57FCF-CDC6-CE30-7F13-F46AC44960D6}.Debug|Any CPU.Build.0 = Debug|Any CPU
		{BDE57FCF-CDC6-CE30-7F13-F46AC44960D6}.Release|Any CPU.ActiveCfg = Release|Any CPU
		{BDE57FCF-CDC6-CE30-7F13-F46AC44960D6}.Release|Any CPU.Build.0 = Release|Any CPU
		{D4A8D335-E89C-5F9A-B5D1-2F703931D482}.Debug|Any CPU.ActiveCfg = Debug|Any CPU
		{D4A8D335-E89C-5F9A-B5D1-2F703931D482}.Debug|Any CPU.Build.0 = Debug|Any CPU
		{D4A8D335-E89C-5F9A-B5D1-2F703931D482}.Release|Any CPU.ActiveCfg = Release|Any CPU
		{D4A8D335-E89C-5F9A-B5D1-2F703931D482}.Release|Any CPU.Build.0 = Release|Any CPU
		{B9B9B94B-A497-6D1D-11B5-6AA2127B5B98}.Debug|Any CPU.ActiveCfg = Debug|Any CPU
		{B9B9B94B-A497-6D1D-11B5-6AA2127B5B98}.Debug|Any CPU.Build.0 = Debug|Any CPU
		{B9B9B94B-A497-6D1D-11B5-6AA2127B5B98}.Release|Any CPU.ActiveCfg = Release|Any CPU
		{B9B9B94B-A497-6D1D-11B5-6AA2127B5B98}.Release|Any CPU.Build.0 = Release|Any CPU
		{89170765-D884-90FE-E882-880E22345DE1}.Debug|Any CPU.ActiveCfg = Debug|Any CPU
		{89170765-D884-90FE-E882-880E22345DE1}.Debug|Any CPU.Build.0 = Debug|Any CPU
		{89170765-D884-90FE-E882-880E22345DE1}.Release|Any CPU.ActiveCfg = Release|Any CPU
		{89170765-D884-90FE-E882-880E22345DE1}.Release|Any CPU.Build.0 = Release|Any CPU
		{8C1968C0-49B7-BBDA-D31D-A0BBA9BC90B8}.Debug|Any CPU.ActiveCfg = Debug|Any CPU
		{8C1968C0-49B7-BBDA-D31D-A0BBA9BC90B8}.Debug|Any CPU.Build.0 = Debug|Any CPU
		{8C1968C0-49B7-BBDA-D31D-A0BBA9BC90B8}.Release|Any CPU.ActiveCfg = Release|Any CPU
		{8C1968C0-49B7-BBDA-D31D-A0BBA9BC90B8}.Release|Any CPU.Build.0 = Release|Any CPU
		{D39F8130-AC99-FF8D-14CC-454E8324CE89}.Debug|Any CPU.ActiveCfg = Debug|Any CPU
		{D39F8130-AC99-FF8D-14CC-454E8324CE89}.Debug|Any CPU.Build.0 = Debug|Any CPU
		{D39F8130-AC99-FF8D-14CC-454E8324CE89}.Release|Any CPU.ActiveCfg = Release|Any CPU
		{D39F8130-AC99-FF8D-14CC-454E8324CE89}.Release|Any CPU.Build.0 = Release|Any CPU
		{EA56C133-C551-C3C9-27C6-C1E40626B503}.Debug|Any CPU.ActiveCfg = Debug|Any CPU
		{EA56C133-C551-C3C9-27C6-C1E40626B503}.Debug|Any CPU.Build.0 = Debug|Any CPU
		{EA56C133-C551-C3C9-27C6-C1E40626B503}.Release|Any CPU.ActiveCfg = Release|Any CPU
		{EA56C133-C551-C3C9-27C6-C1E40626B503}.Release|Any CPU.Build.0 = Release|Any CPU
		{AB5AA838-105E-2FB4-AD8F-9FAB1679A63B}.Debug|Any CPU.ActiveCfg = Debug|Any CPU
		{AB5AA838-105E-2FB4-AD8F-9FAB1679A63B}.Debug|Any CPU.Build.0 = Debug|Any CPU
		{AB5AA838-105E-2FB4-AD8F-9FAB1679A63B}.Release|Any CPU.ActiveCfg = Release|Any CPU
		{AB5AA838-105E-2FB4-AD8F-9FAB1679A63B}.Release|Any CPU.Build.0 = Release|Any CPU
		{30776CCD-45E7-296D-9A63-F6A44EAE6607}.Debug|Any CPU.ActiveCfg = Debug|Any CPU
		{30776CCD-45E7-296D-9A63-F6A44EAE6607}.Debug|Any CPU.Build.0 = Debug|Any CPU
		{30776CCD-45E7-296D-9A63-F6A44EAE6607}.Release|Any CPU.ActiveCfg = Release|Any CPU
		{30776CCD-45E7-296D-9A63-F6A44EAE6607}.Release|Any CPU.Build.0 = Release|Any CPU
		{78EB9211-FCBE-8633-265B-B14244D6FCFF}.Debug|Any CPU.ActiveCfg = Debug|Any CPU
		{78EB9211-FCBE-8633-265B-B14244D6FCFF}.Debug|Any CPU.Build.0 = Debug|Any CPU
		{78EB9211-FCBE-8633-265B-B14244D6FCFF}.Release|Any CPU.ActiveCfg = Release|Any CPU
		{78EB9211-FCBE-8633-265B-B14244D6FCFF}.Release|Any CPU.Build.0 = Release|Any CPU
	EndGlobalSection
	GlobalSection(SolutionProperties) = preSolution
		HideSolutionNode = FALSE
	EndGlobalSection
EndGlobal
