
Microsoft Visual Studio Solution File, Format Version 11.00
# Visual Studio 2010
Project("{FAE04EC0-301F-11D3-BF4B-00C04F79EFBC}") = "Assembly-CSharp", "Assembly-CSharp.csproj", "{1157459c-648e-a63d-5d48-52d51aeb0156}"
EndProject
Project("{FAE04EC0-301F-11D3-BF4B-00C04F79EFBC}") = "Assembly-CSharp-Editor", "Assembly-CSharp-Editor.csproj", "{37fac12d-5263-1795-819c-339eaf2ac797}"
EndProject
Global
	GlobalSection(SolutionConfigurationPlatforms) = preSolution
		Debug|Any CPU = Debug|Any CPU
	EndGlobalSection
	GlobalSection(ProjectConfigurationPlatforms) = postSolution
		{1157459c-648e-a63d-5d48-52d51aeb0156}.Debug|Any CPU.ActiveCfg = Debug|Any CPU
		{1157459c-648e-a63d-5d48-52d51aeb0156}.Debug|Any CPU.Build.0 = Debug|Any CPU
		{37fac12d-5263-1795-819c-339eaf2ac797}.Debug|Any CPU.ActiveCfg = Debug|Any CPU
		{37fac12d-5263-1795-819c-339eaf2ac797}.Debug|Any CPU.Build.0 = Debug|Any CPU
	EndGlobalSection
	GlobalSection(SolutionProperties) = preSolution
		HideSolutionNode = FALSE
	EndGlobalSection
EndGlobal
