
Microsoft Visual Studio Solution File, Format Version 11.00
# Visual Studio 2010
Project("{FAE04EC0-301F-11D3-BF4B-00C04F79EFBC}") = "Unity.Timeline", "Unity.Timeline.csproj", "{53b5e1c0-a523-7c13-fbd5-133ca75f89bd}"
EndProject
Project("{FAE04EC0-301F-11D3-BF4B-00C04F79EFBC}") = "Unity.RenderPipelines.GPUDriven.Runtime", "Unity.RenderPipelines.GPUDriven.Runtime.csproj", "{99581196-0b21-3d2a-4b79-fb8bd4367b2e}"
EndProject
Project("{FAE04EC0-301F-11D3-BF4B-00C04F79EFBC}") = "Unity.PlasticSCM.Editor", "Unity.PlasticSCM.Editor.csproj", "{e8fafe36-6120-d74a-33c7-be5c87183c36}"
EndProject
Project("{FAE04EC0-301F-11D3-BF4B-00C04F79EFBC}") = "Unity.ShaderGraph.Editor", "Unity.ShaderGraph.Editor.csproj", "{0be10b66-70f2-65e8-396f-7a44efaca171}"
EndProject
Project("{FAE04EC0-301F-11D3-BF4B-00C04F79EFBC}") = "Unity.RenderPipelines.Core.Runtime", "Unity.RenderPipelines.Core.Runtime.csproj", "{0c6652b2-0988-d570-723a-a11f0188a6f7}"
EndProject
Project("{FAE04EC0-301F-11D3-BF4B-00C04F79EFBC}") = "Unity.Mathematics", "Unity.Mathematics.csproj", "{12aebd46-a14b-080b-c47d-da5080ae4c46}"
EndProject
Project("{FAE04EC0-301F-11D3-BF4B-00C04F79EFBC}") = "Unity.Timeline.Editor", "Unity.Timeline.Editor.csproj", "{0024f6e1-5bf5-bf16-911f-3697ffb18ad7}"
EndProject
Project("{FAE04EC0-301F-11D3-BF4B-00C04F79EFBC}") = "Unity.Multiplayer.Center.Editor", "Unity.Multiplayer.Center.Editor.csproj", "{8c6393f3-235d-4553-cd25-247ba0d24de5}"
EndProject
Project("{FAE04EC0-301F-11D3-BF4B-00C04F79EFBC}") = "Unity.RenderPipelines.Core.Editor", "Unity.RenderPipelines.Core.Editor.csproj", "{328e552c-00de-285e-f191-b281791f605d}"
EndProject
Project("{FAE04EC0-301F-11D3-BF4B-00C04F79EFBC}") = "Unity.Collections", "Unity.Collections.csproj", "{76432d64-bd35-7a17-d290-d4eec1d1148d}"
EndProject
Project("{FAE04EC0-301F-11D3-BF4B-00C04F79EFBC}") = "UnityEngine.UI", "UnityEngine.UI.csproj", "{64c8c605-ddf4-4af1-c0b7-cab3d9b580fb}"
EndProject
Project("{FAE04EC0-301F-11D3-BF4B-00C04F79EFBC}") = "Unity.RenderPipelines.Universal.2D.Runtime", "Unity.RenderPipelines.Universal.2D.Runtime.csproj", "{fffdc65a-da47-6eae-b1c0-048c6732f2eb}"
EndProject
Project("{FAE04EC0-301F-11D3-BF4B-00C04F79EFBC}") = "Unity.VisualScripting.Core.Editor", "Unity.VisualScripting.Core.Editor.csproj", "{d5f21734-a3da-9a32-cacf-02054c17613a}"
EndProject
Project("{FAE04EC0-301F-11D3-BF4B-00C04F79EFBC}") = "Unity.RenderPipelines.Universal.Editor", "Unity.RenderPipelines.Universal.Editor.csproj", "{34a1d7bf-acb4-277b-d616-e48639478ecb}"
EndProject
Project("{FAE04EC0-301F-11D3-BF4B-00C04F79EFBC}") = "Unity.PerformanceTesting.Editor", "Unity.PerformanceTesting.Editor.csproj", "{a25f19d1-1142-905f-1ecd-85f2229b4fa1}"
EndProject
Project("{FAE04EC0-301F-11D3-BF4B-00C04F79EFBC}") = "UnityEngine.TestRunner", "UnityEngine.TestRunner.csproj", "{5fb08522-007a-3cb7-2cf4-9f99519e190c}"
EndProject
Project("{FAE04EC0-301F-11D3-BF4B-00C04F79EFBC}") = "Unity.Burst", "Unity.Burst.csproj", "{f12341a4-2bfe-60cd-ab92-c335c06f3e15}"
EndProject
Project("{FAE04EC0-301F-11D3-BF4B-00C04F79EFBC}") = "Assembly-CSharp", "Assembly-CSharp.csproj", "{1157459c-648e-a63d-5d48-52d51aeb0156}"
EndProject
Project("{FAE04EC0-301F-11D3-BF4B-00C04F79EFBC}") = "Unity.VisualScripting.Flow.Editor", "Unity.VisualScripting.Flow.Editor.csproj", "{8a0494e8-f008-4e43-683f-815557b0564a}"
EndProject
Project("{FAE04EC0-301F-11D3-BF4B-00C04F79EFBC}") = "Unity.VisualStudio.Editor", "Unity.VisualStudio.Editor.csproj", "{e80f55af-5487-1a86-ba34-9d02b1be1eca}"
EndProject
Project("{FAE04EC0-301F-11D3-BF4B-00C04F79EFBC}") = "Unity.InputSystem", "Unity.InputSystem.csproj", "{1bf58402-20a8-ccc9-02c5-c0e781acdd9e}"
EndProject
Project("{FAE04EC0-301F-11D3-BF4B-00C04F79EFBC}") = "PPv2URPConverters", "PPv2URPConverters.csproj", "{674a014c-e267-fc9b-c145-f617dbcf7188}"
EndProject
Project("{FAE04EC0-301F-11D3-BF4B-00C04F79EFBC}") = "Unity.Searcher.Editor", "Unity.Searcher.Editor.csproj", "{b1b8f805-cf61-c50a-3b3a-d0142ee26d31}"
EndProject
Project("{FAE04EC0-301F-11D3-BF4B-00C04F79EFBC}") = "UnityEditor.TestRunner", "UnityEditor.TestRunner.csproj", "{930964eb-6d49-28c7-85d2-88d4b605fc73}"
EndProject
Project("{FAE04EC0-301F-11D3-BF4B-00C04F79EFBC}") = "Unity.VisualScripting.Core", "Unity.VisualScripting.Core.csproj", "{097a535a-05fe-0fda-95c2-1b10718f04a3}"
EndProject
Project("{FAE04EC0-301F-11D3-BF4B-00C04F79EFBC}") = "Unity.RenderPipelines.Universal.Runtime", "Unity.RenderPipelines.Universal.Runtime.csproj", "{12a0c0a6-6909-6763-0e55-1d374d842b0b}"
EndProject
Project("{FAE04EC0-301F-11D3-BF4B-00C04F79EFBC}") = "Unity.CollabProxy.Editor", "Unity.CollabProxy.Editor.csproj", "{ce1d721e-d0b3-7556-b250-4413cdbc265f}"
EndProject
Project("{FAE04EC0-301F-11D3-BF4B-00C04F79EFBC}") = "Unity.AI.Navigation.Editor.ConversionSystem", "Unity.AI.Navigation.Editor.ConversionSystem.csproj", "{2fd2987c-7bd2-df70-5081-68b33991200a}"
EndProject
Project("{FAE04EC0-301F-11D3-BF4B-00C04F79EFBC}") = "Unity.VisualScripting.State.Editor", "Unity.VisualScripting.State.Editor.csproj", "{4705073c-2615-cc33-8793-2bdbcdde0f1a}"
EndProject
Project("{FAE04EC0-301F-11D3-BF4B-00C04F79EFBC}") = "Unity.Burst.CodeGen", "Unity.Burst.CodeGen.csproj", "{38199fb5-5714-c7c6-d7db-dbc6d560b636}"
EndProject
Project("{FAE04EC0-301F-11D3-BF4B-00C04F79EFBC}") = "Unity.VisualScripting.Flow", "Unity.VisualScripting.Flow.csproj", "{18a0369a-b936-591c-95b2-4626846f7de8}"
EndProject
Project("{FAE04EC0-301F-11D3-BF4B-00C04F79EFBC}") = "Unity.PerformanceTesting", "Unity.PerformanceTesting.csproj", "{393e119e-28bc-2297-08ef-5ef529149917}"
EndProject
Project("{FAE04EC0-301F-11D3-BF4B-00C04F79EFBC}") = "Unity.TextMeshPro", "Unity.TextMeshPro.csproj", "{1c9f9fcb-10fd-cf40-e06a-87c4a197eaf0}"
EndProject
Project("{FAE04EC0-301F-11D3-BF4B-00C04F79EFBC}") = "Unity.TextMeshPro.Editor", "Unity.TextMeshPro.Editor.csproj", "{561eb38e-3260-ba9d-5133-c29885e0ddd8}"
EndProject
Project("{FAE04EC0-301F-11D3-BF4B-00C04F79EFBC}") = "Unity.Rendering.LightTransport.Runtime", "Unity.Rendering.LightTransport.Runtime.csproj", "{eddf153c-8e5f-cd87-00c4-db0c4df621eb}"
EndProject
Project("{FAE04EC0-301F-11D3-BF4B-00C04F79EFBC}") = "Unity.Burst.Editor", "Unity.Burst.Editor.csproj", "{b5f40bce-6797-d1aa-cb90-470c5c4b749d}"
EndProject
Project("{FAE04EC0-301F-11D3-BF4B-00C04F79EFBC}") = "Unity.Rider.Editor", "Unity.Rider.Editor.csproj", "{1bb9c3f0-714e-c097-f182-9ed68b840db2}"
EndProject
Project("{FAE04EC0-301F-11D3-BF4B-00C04F79EFBC}") = "Unity.VisualScripting.State", "Unity.VisualScripting.State.csproj", "{ec721d06-c088-fea5-58e9-e6c45b79b5e3}"
EndProject
Project("{FAE04EC0-301F-11D3-BF4B-00C04F79EFBC}") = "Unity.AI.Navigation.Updater", "Unity.AI.Navigation.Updater.csproj", "{a0b0cf3c-c0fe-cb14-45e0-15c690e30592}"
EndProject
Project("{FAE04EC0-301F-11D3-BF4B-00C04F79EFBC}") = "UnityEditor.UI", "UnityEditor.UI.csproj", "{c5f07c58-07a4-a23d-d92b-a82813de2c85}"
EndProject
Project("{FAE04EC0-301F-11D3-BF4B-00C04F79EFBC}") = "Unity.AI.Navigation.Editor", "Unity.AI.Navigation.Editor.csproj", "{4cd33648-5220-e1b1-082a-c462cedc60e5}"
EndProject
Project("{FAE04EC0-301F-11D3-BF4B-00C04F79EFBC}") = "Unity.Multiplayer.Center.Common", "Unity.Multiplayer.Center.Common.csproj", "{a27814e9-844a-b58d-2b4e-67b9b8999aa0}"
EndProject
Project("{FAE04EC0-301F-11D3-BF4B-00C04F79EFBC}") = "Unity.InputSystem.ForUI", "Unity.InputSystem.ForUI.csproj", "{02e74f15-6824-7ee7-d451-47b89bb16300}"
EndProject
Project("{FAE04EC0-301F-11D3-BF4B-00C04F79EFBC}") = "Unity.AI.Navigation", "Unity.AI.Navigation.csproj", "{4af44485-bfbd-1e11-3f4a-2a382d53f65b}"
EndProject
Project("{FAE04EC0-301F-11D3-BF4B-00C04F79EFBC}") = "Unity.Collections.CodeGen", "Unity.Collections.CodeGen.csproj", "{1e70aa18-b93a-32c3-5644-b2bf3ae8ac2e}"
EndProject
Project("{FAE04EC0-301F-11D3-BF4B-00C04F79EFBC}") = "Unity.Mathematics.Editor", "Unity.Mathematics.Editor.csproj", "{da1fa87b-d53a-33be-50ac-7dbbd6a8a4b6}"
EndProject
Project("{FAE04EC0-301F-11D3-BF4B-00C04F79EFBC}") = "Unity.VisualScripting.SettingsProvider.Editor", "Unity.VisualScripting.SettingsProvider.Editor.csproj", "{0c584ddb-6624-c4ef-0924-d52576d65c23}"
EndProject
Project("{FAE04EC0-301F-11D3-BF4B-00C04F79EFBC}") = "Assembly-CSharp-Editor", "Assembly-CSharp-Editor.csproj", "{37fac12d-5263-1795-819c-339eaf2ac797}"
EndProject
Project("{FAE04EC0-301F-11D3-BF4B-00C04F79EFBC}") = "Unity.InputSystem.TestFramework", "Unity.InputSystem.TestFramework.csproj", "{032ff2ed-51d6-d0e4-1025-3b62035f9504}"
EndProject
Project("{FAE04EC0-301F-11D3-BF4B-00C04F79EFBC}") = "Unity.ShaderGraph.Utilities", "Unity.ShaderGraph.Utilities.csproj", "{b5523c8f-8b13-2069-7297-55f10d22dfd7}"
EndProject
Project("{FAE04EC0-301F-11D3-BF4B-00C04F79EFBC}") = "Unity.VisualScripting.Shared.Editor", "Unity.VisualScripting.Shared.Editor.csproj", "{85d62f0d-115d-6fc9-2fe7-9fe0426ca9f4}"
EndProject
Project("{FAE04EC0-301F-11D3-BF4B-00C04F79EFBC}") = "Unity.RenderPipeline.Universal.ShaderLibrary", "Unity.RenderPipeline.Universal.ShaderLibrary.csproj", "{e8abfa9a-f673-9789-8227-ec8b341658e5}"
EndProject
Project("{FAE04EC0-301F-11D3-BF4B-00C04F79EFBC}") = "Unity.Rendering.LightTransport.Editor", "Unity.Rendering.LightTransport.Editor.csproj", "{cf7fe5bd-c6cd-30ce-7f13-f46ac44960d6}"
EndProject
Project("{FAE04EC0-301F-11D3-BF4B-00C04F79EFBC}") = "Unity.InputSystem.DocCodeSamples", "Unity.InputSystem.DocCodeSamples.csproj", "{35d3a8d4-9ce8-9a5f-b5d1-2f703931d482}"
EndProject
Project("{FAE04EC0-301F-11D3-BF4B-00C04F79EFBC}") = "Unity.RenderPipelines.Universal.Shaders", "Unity.RenderPipelines.Universal.Shaders.csproj", "{4bb9b9b9-97a4-1d6d-11b5-6aa2127b5b98}"
EndProject
Project("{FAE04EC0-301F-11D3-BF4B-00C04F79EFBC}") = "Unity.RenderPipelines.Core.Runtime.Shared", "Unity.RenderPipelines.Core.Runtime.Shared.csproj", "{65071789-84d8-fe90-e882-880e22345de1}"
EndProject
Project("{FAE04EC0-301F-11D3-BF4B-00C04F79EFBC}") = "Unity.PlasticSCM.Editor.Entities", "Unity.PlasticSCM.Editor.Entities.csproj", "{c068198c-b749-dabb-d31d-a0bba9bc90b8}"
EndProject
Project("{FAE04EC0-301F-11D3-BF4B-00C04F79EFBC}") = "Unity.Collections.Editor", "Unity.Collections.Editor.csproj", "{30819fd3-99ac-8dff-14cc-454e8324ce89}"
EndProject
Project("{FAE04EC0-301F-11D3-BF4B-00C04F79EFBC}") = "Unity.RenderPipelines.Universal.Config.Runtime", "Unity.RenderPipelines.Universal.Config.Runtime.csproj", "{33c156ea-51c5-c9c3-27c6-c1e40626b503}"
EndProject
Project("{FAE04EC0-301F-11D3-BF4B-00C04F79EFBC}") = "Unity.RenderPipelines.ShaderGraph.ShaderGraphLibrary", "Unity.RenderPipelines.ShaderGraph.ShaderGraphLibrary.csproj", "{38a85aab-5e10-b42f-ad8f-9fab1679a63b}"
EndProject
Project("{FAE04EC0-301F-11D3-BF4B-00C04F79EFBC}") = "Unity.RenderPipelines.Core.ShaderLibrary", "Unity.RenderPipelines.Core.ShaderLibrary.csproj", "{cd6c7730-e745-6d29-9a63-f6a44eae6607}"
EndProject
Project("{FAE04EC0-301F-11D3-BF4B-00C04F79EFBC}") = "Unity.RenderPipelines.Core.Editor.Shared", "Unity.RenderPipelines.Core.Editor.Shared.csproj", "{1192eb78-befc-3386-265b-b14244d6fcff}"
EndProject
Project("{FAE04EC0-301F-11D3-BF4B-00C04F79EFBC}") = "Unity.Timeline", "Unity.Timeline.Player.csproj", "{808dca36-14f1-60ef-1f69-902384b6eeaa}"
EndProject
Project("{FAE04EC0-301F-11D3-BF4B-00C04F79EFBC}") = "Unity.RenderPipelines.GPUDriven.Runtime", "Unity.RenderPipelines.GPUDriven.Runtime.Player.csproj", "{46186c49-f10e-74b7-0de4-e8790a7e6992}"
EndProject
Project("{FAE04EC0-301F-11D3-BF4B-00C04F79EFBC}") = "Unity.RenderPipelines.Core.Runtime", "Unity.RenderPipelines.Core.Runtime.Player.csproj", "{292c2266-218e-8783-f209-d40c02b1604c}"
EndProject
Project("{FAE04EC0-301F-11D3-BF4B-00C04F79EFBC}") = "Unity.Mathematics", "Unity.Mathematics.Player.csproj", "{d6bb1167-dc74-ee98-35e8-094727c22b79}"
EndProject
Project("{FAE04EC0-301F-11D3-BF4B-00C04F79EFBC}") = "Unity.Collections", "Unity.Collections.Player.csproj", "{588b6501-e7cc-b8d7-f844-458063e63afb}"
EndProject
Project("{FAE04EC0-301F-11D3-BF4B-00C04F79EFBC}") = "UnityEngine.UI", "UnityEngine.UI.Player.csproj", "{e3bc6692-08fa-6ab6-ada7-f25991e749fc}"
EndProject
Project("{FAE04EC0-301F-11D3-BF4B-00C04F79EFBC}") = "Unity.RenderPipelines.Universal.2D.Runtime", "Unity.RenderPipelines.Universal.2D.Runtime.Player.csproj", "{083a210f-db50-ae39-a5d0-b12ac8667e0a}"
EndProject
Project("{FAE04EC0-301F-11D3-BF4B-00C04F79EFBC}") = "UnityEngine.TestRunner", "UnityEngine.TestRunner.Player.csproj", "{08caa2af-8484-17bd-4513-ff5339fdfe82}"
EndProject
Project("{FAE04EC0-301F-11D3-BF4B-00C04F79EFBC}") = "Unity.Burst", "Unity.Burst.Player.csproj", "{f04003a6-800a-1431-5a96-1cf31a9ffaf7}"
EndProject
Project("{FAE04EC0-301F-11D3-BF4B-00C04F79EFBC}") = "Assembly-CSharp", "Assembly-CSharp.Player.csproj", "{76183150-dbe2-5113-941e-0d7f36dcd381}"
EndProject
Project("{FAE04EC0-301F-11D3-BF4B-00C04F79EFBC}") = "Unity.InputSystem", "Unity.InputSystem.Player.csproj", "{2f47ef3c-cf2d-36f2-c9b3-5989b2b6e518}"
EndProject
Project("{FAE04EC0-301F-11D3-BF4B-00C04F79EFBC}") = "Unity.VisualScripting.Core", "Unity.VisualScripting.Core.Player.csproj", "{3cc7d657-36ca-969b-4b0c-b67efce4bd09}"
EndProject
Project("{FAE04EC0-301F-11D3-BF4B-00C04F79EFBC}") = "Unity.RenderPipelines.Universal.Runtime", "Unity.RenderPipelines.Universal.Runtime.Player.csproj", "{b052959d-bece-3d8f-f87a-48b142c47fe9}"
EndProject
Project("{FAE04EC0-301F-11D3-BF4B-00C04F79EFBC}") = "Unity.VisualScripting.Flow", "Unity.VisualScripting.Flow.Player.csproj", "{a51c3c4d-2e96-84df-ad56-0b78995a0686}"
EndProject
Project("{FAE04EC0-301F-11D3-BF4B-00C04F79EFBC}") = "Unity.PerformanceTesting", "Unity.PerformanceTesting.Player.csproj", "{840afa3b-15c4-3b26-492b-5aca3ca7d075}"
EndProject
Project("{FAE04EC0-301F-11D3-BF4B-00C04F79EFBC}") = "Unity.TextMeshPro", "Unity.TextMeshPro.Player.csproj", "{ca662c1c-60ca-0356-a30b-6c00c4bb6afe}"
EndProject
Project("{FAE04EC0-301F-11D3-BF4B-00C04F79EFBC}") = "Unity.Rendering.LightTransport.Runtime", "Unity.Rendering.LightTransport.Runtime.Player.csproj", "{81479df9-5ef6-9c6c-c769-4e1fea708854}"
EndProject
Project("{FAE04EC0-301F-11D3-BF4B-00C04F79EFBC}") = "Unity.VisualScripting.State", "Unity.VisualScripting.State.Player.csproj", "{a81bff25-47d9-a7e0-08f7-310f72e63db2}"
EndProject
Project("{FAE04EC0-301F-11D3-BF4B-00C04F79EFBC}") = "Unity.Multiplayer.Center.Common", "Unity.Multiplayer.Center.Common.Player.csproj", "{8884bfc0-ce13-565d-381e-fe7c5520e28f}"
EndProject
Project("{FAE04EC0-301F-11D3-BF4B-00C04F79EFBC}") = "Unity.InputSystem.ForUI", "Unity.InputSystem.ForUI.Player.csproj", "{c89237ff-3219-2a08-0b59-ac3dc92e34dc}"
EndProject
Project("{FAE04EC0-301F-11D3-BF4B-00C04F79EFBC}") = "Unity.AI.Navigation", "Unity.AI.Navigation.Player.csproj", "{9656fe3d-315f-7abf-6253-2e5af5de1270}"
EndProject
Project("{FAE04EC0-301F-11D3-BF4B-00C04F79EFBC}") = "Unity.InputSystem.TestFramework", "Unity.InputSystem.TestFramework.Player.csproj", "{40121605-f634-f62c-997b-4edf41adabbb}"
EndProject
Project("{FAE04EC0-301F-11D3-BF4B-00C04F79EFBC}") = "Unity.RenderPipeline.Universal.ShaderLibrary", "Unity.RenderPipeline.Universal.ShaderLibrary.Player.csproj", "{e5d36bd2-c32c-9add-9134-b7b04b58bbdf}"
EndProject
Project("{FAE04EC0-301F-11D3-BF4B-00C04F79EFBC}") = "Unity.RenderPipelines.Universal.Shaders", "Unity.RenderPipelines.Universal.Shaders.Player.csproj", "{38b0541e-4ca6-3b93-805a-20fd0f9c8cbe}"
EndProject
Project("{FAE04EC0-301F-11D3-BF4B-00C04F79EFBC}") = "Unity.RenderPipelines.Core.Runtime.Shared", "Unity.RenderPipelines.Core.Runtime.Shared.Player.csproj", "{962d646f-ad6d-9bfd-15c9-c2559db3831b}"
EndProject
Project("{FAE04EC0-301F-11D3-BF4B-00C04F79EFBC}") = "Unity.RenderPipelines.Universal.Config.Runtime", "Unity.RenderPipelines.Universal.Config.Runtime.Player.csproj", "{6b67a336-7ae2-9aad-56e7-f4e330daed5c}"
EndProject
Project("{FAE04EC0-301F-11D3-BF4B-00C04F79EFBC}") = "Unity.RenderPipelines.ShaderGraph.ShaderGraphLibrary", "Unity.RenderPipelines.ShaderGraph.ShaderGraphLibrary.Player.csproj", "{1170d9c6-7ca3-5b9b-c8aa-c18243868ce3}"
EndProject
Project("{FAE04EC0-301F-11D3-BF4B-00C04F79EFBC}") = "Unity.RenderPipelines.Core.ShaderLibrary", "Unity.RenderPipelines.Core.ShaderLibrary.Player.csproj", "{26fd562e-4328-6206-0088-c189a4a94dfe}"
EndProject
Project("{FAE04EC0-301F-11D3-BF4B-00C04F79EFBC}") = "TestNewCustomAssembly", "TestNewCustomAssembly.csproj", "{ed359f95-926f-e857-4d55-ea25885b8308}"
EndProject
Project("{FAE04EC0-301F-11D3-BF4B-00C04F79EFBC}") = "Unity.AI.Navigation.Tests.EditorInPlaymode", "Unity.AI.Navigation.Tests.EditorInPlaymode.csproj", "{926f8c2a-c826-038b-2442-31ddb909dfc9}"
EndProject
Project("{FAE04EC0-301F-11D3-BF4B-00C04F79EFBC}") = "Unity.Mathematics.Tests", "Unity.Mathematics.Tests.csproj", "{2242af92-ba94-6370-8f55-3902e7da002e}"
EndProject
Project("{FAE04EC0-301F-11D3-BF4B-00C04F79EFBC}") = "Unity.RenderPipelines.Core.Editor.Tests", "Unity.RenderPipelines.Core.Editor.Tests.csproj", "{e4392f3f-2c5f-0f12-8eaf-b82d3f57089e}"
EndProject
Project("{FAE04EC0-301F-11D3-BF4B-00C04F79EFBC}") = "Unity.Collections.Tests", "Unity.Collections.Tests.csproj", "{6bb4bb6a-b49b-51c6-453f-eee4aee12136}"
EndProject
Project("{FAE04EC0-301F-11D3-BF4B-00C04F79EFBC}") = "Unity.RenderPipelines.Universal.Config.Editor.Tests", "Unity.RenderPipelines.Universal.Config.Editor.Tests.csproj", "{058f719f-5786-c167-1dc5-1efe69518cac}"
EndProject
Project("{FAE04EC0-301F-11D3-BF4B-00C04F79EFBC}") = "Unity.RenderPipelines.Universal.Editor.Tests", "Unity.RenderPipelines.Universal.Editor.Tests.csproj", "{9febd356-42ac-d1fc-fb4d-20ea7882e039}"
EndProject
Project("{FAE04EC0-301F-11D3-BF4B-00C04F79EFBC}") = "Unity.Collections.DocCodeSamples", "Unity.Collections.DocCodeSamples.csproj", "{079d119c-39d9-6d20-a9fb-74f76309ac7b}"
EndProject
Project("{FAE04EC0-301F-11D3-BF4B-00C04F79EFBC}") = "Unity.Searcher.EditorTests", "Unity.Searcher.EditorTests.csproj", "{4145447b-a719-2910-c89c-109135462df3}"
EndProject
Project("{FAE04EC0-301F-11D3-BF4B-00C04F79EFBC}") = "Unity.Collections.PerformanceTests", "Unity.Collections.PerformanceTests.csproj", "{d2ce21b7-efe7-d035-3558-d2213151d452}"
EndProject
Project("{FAE04EC0-301F-11D3-BF4B-00C04F79EFBC}") = "Unity.AI.Navigation.Tests", "Unity.AI.Navigation.Tests.csproj", "{313b93aa-760b-45ba-87f5-3dea3e5bf14a}"
EndProject
Project("{FAE04EC0-301F-11D3-BF4B-00C04F79EFBC}") = "Unity.TextMeshPro.Editor.Tests", "Unity.TextMeshPro.Editor.Tests.csproj", "{1ccb2b21-2203-1e36-aa2d-f7ce31b7fd42}"
EndProject
Project("{FAE04EC0-301F-11D3-BF4B-00C04F79EFBC}") = "DocCodeExamples", "DocCodeExamples.csproj", "{916075e7-2939-7fff-0505-b921c6e0efda}"
EndProject
Project("{FAE04EC0-301F-11D3-BF4B-00C04F79EFBC}") = "Unity.LightTransport.Editor.Tests", "Unity.LightTransport.Editor.Tests.csproj", "{cbfac62d-7ecc-d435-1130-32976ed460b1}"
EndProject
Project("{FAE04EC0-301F-11D3-BF4B-00C04F79EFBC}") = "Unity.Multiplayer.Center.Tests", "Unity.Multiplayer.Center.Tests.csproj", "{abc05e9e-be05-179b-6a01-c4bdab574f8e}"
EndProject
Project("{FAE04EC0-301F-11D3-BF4B-00C04F79EFBC}") = "Unity.RenderPipelines.Core.Runtime.Tests", "Unity.RenderPipelines.Core.Runtime.Tests.csproj", "{38218456-93be-5f14-7712-ba7af1324051}"
EndProject
Project("{FAE04EC0-301F-11D3-BF4B-00C04F79EFBC}") = "Unity.AI.Navigation.LegacyOffMeshLink.Tests", "Unity.AI.Navigation.LegacyOffMeshLink.Tests.csproj", "{8e3dec19-8711-b32c-d565-5093bf23cbae}"
EndProject
Project("{FAE04EC0-301F-11D3-BF4B-00C04F79EFBC}") = "Unity.Multiplayer.Center.Editor.Tests", "Unity.Multiplayer.Center.Editor.Tests.csproj", "{48e8d340-7e3d-8683-e624-555867ff2861}"
EndProject
Project("{FAE04EC0-301F-11D3-BF4B-00C04F79EFBC}") = "Unity.AI.Navigation.Editor.Tests", "Unity.AI.Navigation.Editor.Tests.csproj", "{51d8188e-a907-b222-db90-4eefddd17cdb}"
EndProject
Project("{FAE04EC0-301F-11D3-BF4B-00C04F79EFBC}") = "UnityEngine.UI.Tests", "UnityEngine.UI.Tests.csproj", "{dda3a735-d403-7b59-3d27-999e57e6ac2e}"
EndProject
Project("{FAE04EC0-301F-11D3-BF4B-00C04F79EFBC}") = "Unity.InputSystem.IntegrationTests", "Unity.InputSystem.IntegrationTests.csproj", "{e5ba1c38-c61b-6158-7156-96df96cb3b26}"
EndProject
Project("{FAE04EC0-301F-11D3-BF4B-00C04F79EFBC}") = "Unity.Collections.Tests.Playmode", "Unity.Collections.Tests.Playmode.csproj", "{c1e946aa-fb09-a2c9-1fe9-c086126c8bc4}"
EndProject
Project("{FAE04EC0-301F-11D3-BF4B-00C04F79EFBC}") = "Unity.Nuget.Mono-Cecil", "Unity.Nuget.Mono-Cecil.csproj", "{77152309-11db-ed77-6739-02bd8e62a447}"
EndProject
Project("{FAE04EC0-301F-11D3-BF4B-00C04F79EFBC}") = "Unity.TextMeshPro.Tests", "Unity.TextMeshPro.Tests.csproj", "{91242d60-3a14-ac58-a3b1-f3a6b2b3423d}"
EndProject
Project("{FAE04EC0-301F-11D3-BF4B-00C04F79EFBC}") = "UnityEditor.UI.EditorTests", "UnityEditor.UI.EditorTests.csproj", "{9d3000a8-a726-6819-7205-b55aebd64b07}"
EndProject
Project("{FAE04EC0-301F-11D3-BF4B-00C04F79EFBC}") = "Unity.RenderPipelines.Universal.Runtime.Tests", "Unity.RenderPipelines.Universal.Runtime.Tests.csproj", "{ccbb689c-790e-673c-cf0f-041afcb5d1d6}"
EndProject
Project("{FAE04EC0-301F-11D3-BF4B-00C04F79EFBC}") = "Unity.Collections.BurstCompatibilityGen", "Unity.Collections.BurstCompatibilityGen.csproj", "{83e27a0e-ef5a-f83d-73e6-84db94d61291}"
EndProject
Project("{FAE04EC0-301F-11D3-BF4B-00C04F79EFBC}") = "Unity.ShaderGraph.Editor.Tests", "Unity.ShaderGraph.Editor.Tests.csproj", "{43fe849c-cc50-f86d-8610-9abb95719af4}"
EndProject
Global
	GlobalSection(SolutionConfigurationPlatforms) = preSolution
		Debug|Any CPU = Debug|Any CPU
	EndGlobalSection
	GlobalSection(ProjectConfigurationPlatforms) = postSolution
		{53b5e1c0-a523-7c13-fbd5-133ca75f89bd}.Debug|Any CPU.ActiveCfg = Debug|Any CPU
		{53b5e1c0-a523-7c13-fbd5-133ca75f89bd}.Debug|Any CPU.Build.0 = Debug|Any CPU
		{99581196-0b21-3d2a-4b79-fb8bd4367b2e}.Debug|Any CPU.ActiveCfg = Debug|Any CPU
		{99581196-0b21-3d2a-4b79-fb8bd4367b2e}.Debug|Any CPU.Build.0 = Debug|Any CPU
		{e8fafe36-6120-d74a-33c7-be5c87183c36}.Debug|Any CPU.ActiveCfg = Debug|Any CPU
		{e8fafe36-6120-d74a-33c7-be5c87183c36}.Debug|Any CPU.Build.0 = Debug|Any CPU
		{0be10b66-70f2-65e8-396f-7a44efaca171}.Debug|Any CPU.ActiveCfg = Debug|Any CPU
		{0be10b66-70f2-65e8-396f-7a44efaca171}.Debug|Any CPU.Build.0 = Debug|Any CPU
		{0c6652b2-0988-d570-723a-a11f0188a6f7}.Debug|Any CPU.ActiveCfg = Debug|Any CPU
		{0c6652b2-0988-d570-723a-a11f0188a6f7}.Debug|Any CPU.Build.0 = Debug|Any CPU
		{12aebd46-a14b-080b-c47d-da5080ae4c46}.Debug|Any CPU.ActiveCfg = Debug|Any CPU
		{12aebd46-a14b-080b-c47d-da5080ae4c46}.Debug|Any CPU.Build.0 = Debug|Any CPU
		{0024f6e1-5bf5-bf16-911f-3697ffb18ad7}.Debug|Any CPU.ActiveCfg = Debug|Any CPU
		{0024f6e1-5bf5-bf16-911f-3697ffb18ad7}.Debug|Any CPU.Build.0 = Debug|Any CPU
		{8c6393f3-235d-4553-cd25-247ba0d24de5}.Debug|Any CPU.ActiveCfg = Debug|Any CPU
		{8c6393f3-235d-4553-cd25-247ba0d24de5}.Debug|Any CPU.Build.0 = Debug|Any CPU
		{328e552c-00de-285e-f191-b281791f605d}.Debug|Any CPU.ActiveCfg = Debug|Any CPU
		{328e552c-00de-285e-f191-b281791f605d}.Debug|Any CPU.Build.0 = Debug|Any CPU
		{76432d64-bd35-7a17-d290-d4eec1d1148d}.Debug|Any CPU.ActiveCfg = Debug|Any CPU
		{76432d64-bd35-7a17-d290-d4eec1d1148d}.Debug|Any CPU.Build.0 = Debug|Any CPU
		{64c8c605-ddf4-4af1-c0b7-cab3d9b580fb}.Debug|Any CPU.ActiveCfg = Debug|Any CPU
		{64c8c605-ddf4-4af1-c0b7-cab3d9b580fb}.Debug|Any CPU.Build.0 = Debug|Any CPU
		{fffdc65a-da47-6eae-b1c0-048c6732f2eb}.Debug|Any CPU.ActiveCfg = Debug|Any CPU
		{fffdc65a-da47-6eae-b1c0-048c6732f2eb}.Debug|Any CPU.Build.0 = Debug|Any CPU
		{d5f21734-a3da-9a32-cacf-02054c17613a}.Debug|Any CPU.ActiveCfg = Debug|Any CPU
		{d5f21734-a3da-9a32-cacf-02054c17613a}.Debug|Any CPU.Build.0 = Debug|Any CPU
		{34a1d7bf-acb4-277b-d616-e48639478ecb}.Debug|Any CPU.ActiveCfg = Debug|Any CPU
		{34a1d7bf-acb4-277b-d616-e48639478ecb}.Debug|Any CPU.Build.0 = Debug|Any CPU
		{a25f19d1-1142-905f-1ecd-85f2229b4fa1}.Debug|Any CPU.ActiveCfg = Debug|Any CPU
		{a25f19d1-1142-905f-1ecd-85f2229b4fa1}.Debug|Any CPU.Build.0 = Debug|Any CPU
		{5fb08522-007a-3cb7-2cf4-9f99519e190c}.Debug|Any CPU.ActiveCfg = Debug|Any CPU
		{5fb08522-007a-3cb7-2cf4-9f99519e190c}.Debug|Any CPU.Build.0 = Debug|Any CPU
		{f12341a4-2bfe-60cd-ab92-c335c06f3e15}.Debug|Any CPU.ActiveCfg = Debug|Any CPU
		{f12341a4-2bfe-60cd-ab92-c335c06f3e15}.Debug|Any CPU.Build.0 = Debug|Any CPU
		{1157459c-648e-a63d-5d48-52d51aeb0156}.Debug|Any CPU.ActiveCfg = Debug|Any CPU
		{1157459c-648e-a63d-5d48-52d51aeb0156}.Debug|Any CPU.Build.0 = Debug|Any CPU
		{8a0494e8-f008-4e43-683f-815557b0564a}.Debug|Any CPU.ActiveCfg = Debug|Any CPU
		{8a0494e8-f008-4e43-683f-815557b0564a}.Debug|Any CPU.Build.0 = Debug|Any CPU
		{e80f55af-5487-1a86-ba34-9d02b1be1eca}.Debug|Any CPU.ActiveCfg = Debug|Any CPU
		{e80f55af-5487-1a86-ba34-9d02b1be1eca}.Debug|Any CPU.Build.0 = Debug|Any CPU
		{1bf58402-20a8-ccc9-02c5-c0e781acdd9e}.Debug|Any CPU.ActiveCfg = Debug|Any CPU
		{1bf58402-20a8-ccc9-02c5-c0e781acdd9e}.Debug|Any CPU.Build.0 = Debug|Any CPU
		{674a014c-e267-fc9b-c145-f617dbcf7188}.Debug|Any CPU.ActiveCfg = Debug|Any CPU
		{674a014c-e267-fc9b-c145-f617dbcf7188}.Debug|Any CPU.Build.0 = Debug|Any CPU
		{b1b8f805-cf61-c50a-3b3a-d0142ee26d31}.Debug|Any CPU.ActiveCfg = Debug|Any CPU
		{b1b8f805-cf61-c50a-3b3a-d0142ee26d31}.Debug|Any CPU.Build.0 = Debug|Any CPU
		{930964eb-6d49-28c7-85d2-88d4b605fc73}.Debug|Any CPU.ActiveCfg = Debug|Any CPU
		{930964eb-6d49-28c7-85d2-88d4b605fc73}.Debug|Any CPU.Build.0 = Debug|Any CPU
		{097a535a-05fe-0fda-95c2-1b10718f04a3}.Debug|Any CPU.ActiveCfg = Debug|Any CPU
		{097a535a-05fe-0fda-95c2-1b10718f04a3}.Debug|Any CPU.Build.0 = Debug|Any CPU
		{12a0c0a6-6909-6763-0e55-1d374d842b0b}.Debug|Any CPU.ActiveCfg = Debug|Any CPU
		{12a0c0a6-6909-6763-0e55-1d374d842b0b}.Debug|Any CPU.Build.0 = Debug|Any CPU
		{ce1d721e-d0b3-7556-b250-4413cdbc265f}.Debug|Any CPU.ActiveCfg = Debug|Any CPU
		{ce1d721e-d0b3-7556-b250-4413cdbc265f}.Debug|Any CPU.Build.0 = Debug|Any CPU
		{2fd2987c-7bd2-df70-5081-68b33991200a}.Debug|Any CPU.ActiveCfg = Debug|Any CPU
		{2fd2987c-7bd2-df70-5081-68b33991200a}.Debug|Any CPU.Build.0 = Debug|Any CPU
		{4705073c-2615-cc33-8793-2bdbcdde0f1a}.Debug|Any CPU.ActiveCfg = Debug|Any CPU
		{4705073c-2615-cc33-8793-2bdbcdde0f1a}.Debug|Any CPU.Build.0 = Debug|Any CPU
		{38199fb5-5714-c7c6-d7db-dbc6d560b636}.Debug|Any CPU.ActiveCfg = Debug|Any CPU
		{38199fb5-5714-c7c6-d7db-dbc6d560b636}.Debug|Any CPU.Build.0 = Debug|Any CPU
		{18a0369a-b936-591c-95b2-4626846f7de8}.Debug|Any CPU.ActiveCfg = Debug|Any CPU
		{18a0369a-b936-591c-95b2-4626846f7de8}.Debug|Any CPU.Build.0 = Debug|Any CPU
		{393e119e-28bc-2297-08ef-5ef529149917}.Debug|Any CPU.ActiveCfg = Debug|Any CPU
		{393e119e-28bc-2297-08ef-5ef529149917}.Debug|Any CPU.Build.0 = Debug|Any CPU
		{1c9f9fcb-10fd-cf40-e06a-87c4a197eaf0}.Debug|Any CPU.ActiveCfg = Debug|Any CPU
		{1c9f9fcb-10fd-cf40-e06a-87c4a197eaf0}.Debug|Any CPU.Build.0 = Debug|Any CPU
		{561eb38e-3260-ba9d-5133-c29885e0ddd8}.Debug|Any CPU.ActiveCfg = Debug|Any CPU
		{561eb38e-3260-ba9d-5133-c29885e0ddd8}.Debug|Any CPU.Build.0 = Debug|Any CPU
		{eddf153c-8e5f-cd87-00c4-db0c4df621eb}.Debug|Any CPU.ActiveCfg = Debug|Any CPU
		{eddf153c-8e5f-cd87-00c4-db0c4df621eb}.Debug|Any CPU.Build.0 = Debug|Any CPU
		{b5f40bce-6797-d1aa-cb90-470c5c4b749d}.Debug|Any CPU.ActiveCfg = Debug|Any CPU
		{b5f40bce-6797-d1aa-cb90-470c5c4b749d}.Debug|Any CPU.Build.0 = Debug|Any CPU
		{1bb9c3f0-714e-c097-f182-9ed68b840db2}.Debug|Any CPU.ActiveCfg = Debug|Any CPU
		{1bb9c3f0-714e-c097-f182-9ed68b840db2}.Debug|Any CPU.Build.0 = Debug|Any CPU
		{ec721d06-c088-fea5-58e9-e6c45b79b5e3}.Debug|Any CPU.ActiveCfg = Debug|Any CPU
		{ec721d06-c088-fea5-58e9-e6c45b79b5e3}.Debug|Any CPU.Build.0 = Debug|Any CPU
		{a0b0cf3c-c0fe-cb14-45e0-15c690e30592}.Debug|Any CPU.ActiveCfg = Debug|Any CPU
		{a0b0cf3c-c0fe-cb14-45e0-15c690e30592}.Debug|Any CPU.Build.0 = Debug|Any CPU
		{c5f07c58-07a4-a23d-d92b-a82813de2c85}.Debug|Any CPU.ActiveCfg = Debug|Any CPU
		{c5f07c58-07a4-a23d-d92b-a82813de2c85}.Debug|Any CPU.Build.0 = Debug|Any CPU
		{4cd33648-5220-e1b1-082a-c462cedc60e5}.Debug|Any CPU.ActiveCfg = Debug|Any CPU
		{4cd33648-5220-e1b1-082a-c462cedc60e5}.Debug|Any CPU.Build.0 = Debug|Any CPU
		{a27814e9-844a-b58d-2b4e-67b9b8999aa0}.Debug|Any CPU.ActiveCfg = Debug|Any CPU
		{a27814e9-844a-b58d-2b4e-67b9b8999aa0}.Debug|Any CPU.Build.0 = Debug|Any CPU
		{02e74f15-6824-7ee7-d451-47b89bb16300}.Debug|Any CPU.ActiveCfg = Debug|Any CPU
		{02e74f15-6824-7ee7-d451-47b89bb16300}.Debug|Any CPU.Build.0 = Debug|Any CPU
		{4af44485-bfbd-1e11-3f4a-2a382d53f65b}.Debug|Any CPU.ActiveCfg = Debug|Any CPU
		{4af44485-bfbd-1e11-3f4a-2a382d53f65b}.Debug|Any CPU.Build.0 = Debug|Any CPU
		{1e70aa18-b93a-32c3-5644-b2bf3ae8ac2e}.Debug|Any CPU.ActiveCfg = Debug|Any CPU
		{1e70aa18-b93a-32c3-5644-b2bf3ae8ac2e}.Debug|Any CPU.Build.0 = Debug|Any CPU
		{da1fa87b-d53a-33be-50ac-7dbbd6a8a4b6}.Debug|Any CPU.ActiveCfg = Debug|Any CPU
		{da1fa87b-d53a-33be-50ac-7dbbd6a8a4b6}.Debug|Any CPU.Build.0 = Debug|Any CPU
		{0c584ddb-6624-c4ef-0924-d52576d65c23}.Debug|Any CPU.ActiveCfg = Debug|Any CPU
		{0c584ddb-6624-c4ef-0924-d52576d65c23}.Debug|Any CPU.Build.0 = Debug|Any CPU
		{37fac12d-5263-1795-819c-339eaf2ac797}.Debug|Any CPU.ActiveCfg = Debug|Any CPU
		{37fac12d-5263-1795-819c-339eaf2ac797}.Debug|Any CPU.Build.0 = Debug|Any CPU
		{032ff2ed-51d6-d0e4-1025-3b62035f9504}.Debug|Any CPU.ActiveCfg = Debug|Any CPU
		{032ff2ed-51d6-d0e4-1025-3b62035f9504}.Debug|Any CPU.Build.0 = Debug|Any CPU
		{b5523c8f-8b13-2069-7297-55f10d22dfd7}.Debug|Any CPU.ActiveCfg = Debug|Any CPU
		{b5523c8f-8b13-2069-7297-55f10d22dfd7}.Debug|Any CPU.Build.0 = Debug|Any CPU
		{85d62f0d-115d-6fc9-2fe7-9fe0426ca9f4}.Debug|Any CPU.ActiveCfg = Debug|Any CPU
		{85d62f0d-115d-6fc9-2fe7-9fe0426ca9f4}.Debug|Any CPU.Build.0 = Debug|Any CPU
		{e8abfa9a-f673-9789-8227-ec8b341658e5}.Debug|Any CPU.ActiveCfg = Debug|Any CPU
		{e8abfa9a-f673-9789-8227-ec8b341658e5}.Debug|Any CPU.Build.0 = Debug|Any CPU
		{cf7fe5bd-c6cd-30ce-7f13-f46ac44960d6}.Debug|Any CPU.ActiveCfg = Debug|Any CPU
		{cf7fe5bd-c6cd-30ce-7f13-f46ac44960d6}.Debug|Any CPU.Build.0 = Debug|Any CPU
		{35d3a8d4-9ce8-9a5f-b5d1-2f703931d482}.Debug|Any CPU.ActiveCfg = Debug|Any CPU
		{35d3a8d4-9ce8-9a5f-b5d1-2f703931d482}.Debug|Any CPU.Build.0 = Debug|Any CPU
		{4bb9b9b9-97a4-1d6d-11b5-6aa2127b5b98}.Debug|Any CPU.ActiveCfg = Debug|Any CPU
		{4bb9b9b9-97a4-1d6d-11b5-6aa2127b5b98}.Debug|Any CPU.Build.0 = Debug|Any CPU
		{65071789-84d8-fe90-e882-880e22345de1}.Debug|Any CPU.ActiveCfg = Debug|Any CPU
		{65071789-84d8-fe90-e882-880e22345de1}.Debug|Any CPU.Build.0 = Debug|Any CPU
		{c068198c-b749-dabb-d31d-a0bba9bc90b8}.Debug|Any CPU.ActiveCfg = Debug|Any CPU
		{c068198c-b749-dabb-d31d-a0bba9bc90b8}.Debug|Any CPU.Build.0 = Debug|Any CPU
		{30819fd3-99ac-8dff-14cc-454e8324ce89}.Debug|Any CPU.ActiveCfg = Debug|Any CPU
		{30819fd3-99ac-8dff-14cc-454e8324ce89}.Debug|Any CPU.Build.0 = Debug|Any CPU
		{33c156ea-51c5-c9c3-27c6-c1e40626b503}.Debug|Any CPU.ActiveCfg = Debug|Any CPU
		{33c156ea-51c5-c9c3-27c6-c1e40626b503}.Debug|Any CPU.Build.0 = Debug|Any CPU
		{38a85aab-5e10-b42f-ad8f-9fab1679a63b}.Debug|Any CPU.ActiveCfg = Debug|Any CPU
		{38a85aab-5e10-b42f-ad8f-9fab1679a63b}.Debug|Any CPU.Build.0 = Debug|Any CPU
		{cd6c7730-e745-6d29-9a63-f6a44eae6607}.Debug|Any CPU.ActiveCfg = Debug|Any CPU
		{cd6c7730-e745-6d29-9a63-f6a44eae6607}.Debug|Any CPU.Build.0 = Debug|Any CPU
		{1192eb78-befc-3386-265b-b14244d6fcff}.Debug|Any CPU.ActiveCfg = Debug|Any CPU
		{1192eb78-befc-3386-265b-b14244d6fcff}.Debug|Any CPU.Build.0 = Debug|Any CPU
		{808dca36-14f1-60ef-1f69-902384b6eeaa}.Debug|Any CPU.ActiveCfg = Debug|Any CPU
		{808dca36-14f1-60ef-1f69-902384b6eeaa}.Debug|Any CPU.Build.0 = Debug|Any CPU
		{46186c49-f10e-74b7-0de4-e8790a7e6992}.Debug|Any CPU.ActiveCfg = Debug|Any CPU
		{46186c49-f10e-74b7-0de4-e8790a7e6992}.Debug|Any CPU.Build.0 = Debug|Any CPU
		{292c2266-218e-8783-f209-d40c02b1604c}.Debug|Any CPU.ActiveCfg = Debug|Any CPU
		{292c2266-218e-8783-f209-d40c02b1604c}.Debug|Any CPU.Build.0 = Debug|Any CPU
		{d6bb1167-dc74-ee98-35e8-094727c22b79}.Debug|Any CPU.ActiveCfg = Debug|Any CPU
		{d6bb1167-dc74-ee98-35e8-094727c22b79}.Debug|Any CPU.Build.0 = Debug|Any CPU
		{588b6501-e7cc-b8d7-f844-458063e63afb}.Debug|Any CPU.ActiveCfg = Debug|Any CPU
		{588b6501-e7cc-b8d7-f844-458063e63afb}.Debug|Any CPU.Build.0 = Debug|Any CPU
		{e3bc6692-08fa-6ab6-ada7-f25991e749fc}.Debug|Any CPU.ActiveCfg = Debug|Any CPU
		{e3bc6692-08fa-6ab6-ada7-f25991e749fc}.Debug|Any CPU.Build.0 = Debug|Any CPU
		{083a210f-db50-ae39-a5d0-b12ac8667e0a}.Debug|Any CPU.ActiveCfg = Debug|Any CPU
		{083a210f-db50-ae39-a5d0-b12ac8667e0a}.Debug|Any CPU.Build.0 = Debug|Any CPU
		{08caa2af-8484-17bd-4513-ff5339fdfe82}.Debug|Any CPU.ActiveCfg = Debug|Any CPU
		{08caa2af-8484-17bd-4513-ff5339fdfe82}.Debug|Any CPU.Build.0 = Debug|Any CPU
		{f04003a6-800a-1431-5a96-1cf31a9ffaf7}.Debug|Any CPU.ActiveCfg = Debug|Any CPU
		{f04003a6-800a-1431-5a96-1cf31a9ffaf7}.Debug|Any CPU.Build.0 = Debug|Any CPU
		{76183150-dbe2-5113-941e-0d7f36dcd381}.Debug|Any CPU.ActiveCfg = Debug|Any CPU
		{76183150-dbe2-5113-941e-0d7f36dcd381}.Debug|Any CPU.Build.0 = Debug|Any CPU
		{2f47ef3c-cf2d-36f2-c9b3-5989b2b6e518}.Debug|Any CPU.ActiveCfg = Debug|Any CPU
		{2f47ef3c-cf2d-36f2-c9b3-5989b2b6e518}.Debug|Any CPU.Build.0 = Debug|Any CPU
		{3cc7d657-36ca-969b-4b0c-b67efce4bd09}.Debug|Any CPU.ActiveCfg = Debug|Any CPU
		{3cc7d657-36ca-969b-4b0c-b67efce4bd09}.Debug|Any CPU.Build.0 = Debug|Any CPU
		{b052959d-bece-3d8f-f87a-48b142c47fe9}.Debug|Any CPU.ActiveCfg = Debug|Any CPU
		{b052959d-bece-3d8f-f87a-48b142c47fe9}.Debug|Any CPU.Build.0 = Debug|Any CPU
		{a51c3c4d-2e96-84df-ad56-0b78995a0686}.Debug|Any CPU.ActiveCfg = Debug|Any CPU
		{a51c3c4d-2e96-84df-ad56-0b78995a0686}.Debug|Any CPU.Build.0 = Debug|Any CPU
		{840afa3b-15c4-3b26-492b-5aca3ca7d075}.Debug|Any CPU.ActiveCfg = Debug|Any CPU
		{840afa3b-15c4-3b26-492b-5aca3ca7d075}.Debug|Any CPU.Build.0 = Debug|Any CPU
		{ca662c1c-60ca-0356-a30b-6c00c4bb6afe}.Debug|Any CPU.ActiveCfg = Debug|Any CPU
		{ca662c1c-60ca-0356-a30b-6c00c4bb6afe}.Debug|Any CPU.Build.0 = Debug|Any CPU
		{81479df9-5ef6-9c6c-c769-4e1fea708854}.Debug|Any CPU.ActiveCfg = Debug|Any CPU
		{81479df9-5ef6-9c6c-c769-4e1fea708854}.Debug|Any CPU.Build.0 = Debug|Any CPU
		{a81bff25-47d9-a7e0-08f7-310f72e63db2}.Debug|Any CPU.ActiveCfg = Debug|Any CPU
		{a81bff25-47d9-a7e0-08f7-310f72e63db2}.Debug|Any CPU.Build.0 = Debug|Any CPU
		{8884bfc0-ce13-565d-381e-fe7c5520e28f}.Debug|Any CPU.ActiveCfg = Debug|Any CPU
		{8884bfc0-ce13-565d-381e-fe7c5520e28f}.Debug|Any CPU.Build.0 = Debug|Any CPU
		{c89237ff-3219-2a08-0b59-ac3dc92e34dc}.Debug|Any CPU.ActiveCfg = Debug|Any CPU
		{c89237ff-3219-2a08-0b59-ac3dc92e34dc}.Debug|Any CPU.Build.0 = Debug|Any CPU
		{9656fe3d-315f-7abf-6253-2e5af5de1270}.Debug|Any CPU.ActiveCfg = Debug|Any CPU
		{9656fe3d-315f-7abf-6253-2e5af5de1270}.Debug|Any CPU.Build.0 = Debug|Any CPU
		{40121605-f634-f62c-997b-4edf41adabbb}.Debug|Any CPU.ActiveCfg = Debug|Any CPU
		{40121605-f634-f62c-997b-4edf41adabbb}.Debug|Any CPU.Build.0 = Debug|Any CPU
		{e5d36bd2-c32c-9add-9134-b7b04b58bbdf}.Debug|Any CPU.ActiveCfg = Debug|Any CPU
		{e5d36bd2-c32c-9add-9134-b7b04b58bbdf}.Debug|Any CPU.Build.0 = Debug|Any CPU
		{38b0541e-4ca6-3b93-805a-20fd0f9c8cbe}.Debug|Any CPU.ActiveCfg = Debug|Any CPU
		{38b0541e-4ca6-3b93-805a-20fd0f9c8cbe}.Debug|Any CPU.Build.0 = Debug|Any CPU
		{962d646f-ad6d-9bfd-15c9-c2559db3831b}.Debug|Any CPU.ActiveCfg = Debug|Any CPU
		{962d646f-ad6d-9bfd-15c9-c2559db3831b}.Debug|Any CPU.Build.0 = Debug|Any CPU
		{6b67a336-7ae2-9aad-56e7-f4e330daed5c}.Debug|Any CPU.ActiveCfg = Debug|Any CPU
		{6b67a336-7ae2-9aad-56e7-f4e330daed5c}.Debug|Any CPU.Build.0 = Debug|Any CPU
		{1170d9c6-7ca3-5b9b-c8aa-c18243868ce3}.Debug|Any CPU.ActiveCfg = Debug|Any CPU
		{1170d9c6-7ca3-5b9b-c8aa-c18243868ce3}.Debug|Any CPU.Build.0 = Debug|Any CPU
		{26fd562e-4328-6206-0088-c189a4a94dfe}.Debug|Any CPU.ActiveCfg = Debug|Any CPU
		{26fd562e-4328-6206-0088-c189a4a94dfe}.Debug|Any CPU.Build.0 = Debug|Any CPU
		{ed359f95-926f-e857-4d55-ea25885b8308}.Debug|Any CPU.ActiveCfg = Debug|Any CPU
		{ed359f95-926f-e857-4d55-ea25885b8308}.Debug|Any CPU.Build.0 = Debug|Any CPU
		{926f8c2a-c826-038b-2442-31ddb909dfc9}.Debug|Any CPU.ActiveCfg = Debug|Any CPU
		{926f8c2a-c826-038b-2442-31ddb909dfc9}.Debug|Any CPU.Build.0 = Debug|Any CPU
		{2242af92-ba94-6370-8f55-3902e7da002e}.Debug|Any CPU.ActiveCfg = Debug|Any CPU
		{2242af92-ba94-6370-8f55-3902e7da002e}.Debug|Any CPU.Build.0 = Debug|Any CPU
		{e4392f3f-2c5f-0f12-8eaf-b82d3f57089e}.Debug|Any CPU.ActiveCfg = Debug|Any CPU
		{e4392f3f-2c5f-0f12-8eaf-b82d3f57089e}.Debug|Any CPU.Build.0 = Debug|Any CPU
		{6bb4bb6a-b49b-51c6-453f-eee4aee12136}.Debug|Any CPU.ActiveCfg = Debug|Any CPU
		{6bb4bb6a-b49b-51c6-453f-eee4aee12136}.Debug|Any CPU.Build.0 = Debug|Any CPU
		{058f719f-5786-c167-1dc5-1efe69518cac}.Debug|Any CPU.ActiveCfg = Debug|Any CPU
		{058f719f-5786-c167-1dc5-1efe69518cac}.Debug|Any CPU.Build.0 = Debug|Any CPU
		{9febd356-42ac-d1fc-fb4d-20ea7882e039}.Debug|Any CPU.ActiveCfg = Debug|Any CPU
		{9febd356-42ac-d1fc-fb4d-20ea7882e039}.Debug|Any CPU.Build.0 = Debug|Any CPU
		{079d119c-39d9-6d20-a9fb-74f76309ac7b}.Debug|Any CPU.ActiveCfg = Debug|Any CPU
		{079d119c-39d9-6d20-a9fb-74f76309ac7b}.Debug|Any CPU.Build.0 = Debug|Any CPU
		{4145447b-a719-2910-c89c-109135462df3}.Debug|Any CPU.ActiveCfg = Debug|Any CPU
		{4145447b-a719-2910-c89c-109135462df3}.Debug|Any CPU.Build.0 = Debug|Any CPU
		{d2ce21b7-efe7-d035-3558-d2213151d452}.Debug|Any CPU.ActiveCfg = Debug|Any CPU
		{d2ce21b7-efe7-d035-3558-d2213151d452}.Debug|Any CPU.Build.0 = Debug|Any CPU
		{313b93aa-760b-45ba-87f5-3dea3e5bf14a}.Debug|Any CPU.ActiveCfg = Debug|Any CPU
		{313b93aa-760b-45ba-87f5-3dea3e5bf14a}.Debug|Any CPU.Build.0 = Debug|Any CPU
		{1ccb2b21-2203-1e36-aa2d-f7ce31b7fd42}.Debug|Any CPU.ActiveCfg = Debug|Any CPU
		{1ccb2b21-2203-1e36-aa2d-f7ce31b7fd42}.Debug|Any CPU.Build.0 = Debug|Any CPU
		{916075e7-2939-7fff-0505-b921c6e0efda}.Debug|Any CPU.ActiveCfg = Debug|Any CPU
		{916075e7-2939-7fff-0505-b921c6e0efda}.Debug|Any CPU.Build.0 = Debug|Any CPU
		{cbfac62d-7ecc-d435-1130-32976ed460b1}.Debug|Any CPU.ActiveCfg = Debug|Any CPU
		{cbfac62d-7ecc-d435-1130-32976ed460b1}.Debug|Any CPU.Build.0 = Debug|Any CPU
		{abc05e9e-be05-179b-6a01-c4bdab574f8e}.Debug|Any CPU.ActiveCfg = Debug|Any CPU
		{abc05e9e-be05-179b-6a01-c4bdab574f8e}.Debug|Any CPU.Build.0 = Debug|Any CPU
		{38218456-93be-5f14-7712-ba7af1324051}.Debug|Any CPU.ActiveCfg = Debug|Any CPU
		{38218456-93be-5f14-7712-ba7af1324051}.Debug|Any CPU.Build.0 = Debug|Any CPU
		{8e3dec19-8711-b32c-d565-5093bf23cbae}.Debug|Any CPU.ActiveCfg = Debug|Any CPU
		{8e3dec19-8711-b32c-d565-5093bf23cbae}.Debug|Any CPU.Build.0 = Debug|Any CPU
		{48e8d340-7e3d-8683-e624-555867ff2861}.Debug|Any CPU.ActiveCfg = Debug|Any CPU
		{48e8d340-7e3d-8683-e624-555867ff2861}.Debug|Any CPU.Build.0 = Debug|Any CPU
		{51d8188e-a907-b222-db90-4eefddd17cdb}.Debug|Any CPU.ActiveCfg = Debug|Any CPU
		{51d8188e-a907-b222-db90-4eefddd17cdb}.Debug|Any CPU.Build.0 = Debug|Any CPU
		{dda3a735-d403-7b59-3d27-999e57e6ac2e}.Debug|Any CPU.ActiveCfg = Debug|Any CPU
		{dda3a735-d403-7b59-3d27-999e57e6ac2e}.Debug|Any CPU.Build.0 = Debug|Any CPU
		{e5ba1c38-c61b-6158-7156-96df96cb3b26}.Debug|Any CPU.ActiveCfg = Debug|Any CPU
		{e5ba1c38-c61b-6158-7156-96df96cb3b26}.Debug|Any CPU.Build.0 = Debug|Any CPU
		{c1e946aa-fb09-a2c9-1fe9-c086126c8bc4}.Debug|Any CPU.ActiveCfg = Debug|Any CPU
		{c1e946aa-fb09-a2c9-1fe9-c086126c8bc4}.Debug|Any CPU.Build.0 = Debug|Any CPU
		{77152309-11db-ed77-6739-02bd8e62a447}.Debug|Any CPU.ActiveCfg = Debug|Any CPU
		{77152309-11db-ed77-6739-02bd8e62a447}.Debug|Any CPU.Build.0 = Debug|Any CPU
		{91242d60-3a14-ac58-a3b1-f3a6b2b3423d}.Debug|Any CPU.ActiveCfg = Debug|Any CPU
		{91242d60-3a14-ac58-a3b1-f3a6b2b3423d}.Debug|Any CPU.Build.0 = Debug|Any CPU
		{9d3000a8-a726-6819-7205-b55aebd64b07}.Debug|Any CPU.ActiveCfg = Debug|Any CPU
		{9d3000a8-a726-6819-7205-b55aebd64b07}.Debug|Any CPU.Build.0 = Debug|Any CPU
		{ccbb689c-790e-673c-cf0f-041afcb5d1d6}.Debug|Any CPU.ActiveCfg = Debug|Any CPU
		{ccbb689c-790e-673c-cf0f-041afcb5d1d6}.Debug|Any CPU.Build.0 = Debug|Any CPU
		{83e27a0e-ef5a-f83d-73e6-84db94d61291}.Debug|Any CPU.ActiveCfg = Debug|Any CPU
		{83e27a0e-ef5a-f83d-73e6-84db94d61291}.Debug|Any CPU.Build.0 = Debug|Any CPU
		{43fe849c-cc50-f86d-8610-9abb95719af4}.Debug|Any CPU.ActiveCfg = Debug|Any CPU
		{43fe849c-cc50-f86d-8610-9abb95719af4}.Debug|Any CPU.Build.0 = Debug|Any CPU
	EndGlobalSection
	GlobalSection(SolutionProperties) = preSolution
		HideSolutionNode = FALSE
	EndGlobalSection
EndGlobal
